// !$*UTF8*$!
{
	archiveVersion = 1;
	classes = {
	};
	objectVersion = 56;
	objects = {

/* Begin PBXBuildFile section */
		B036A1662BB2806200546228 /* PersistenceController.swift in Sources */ = {isa = PBXBuildFile; fileRef = B036A1652BB2806200546228 /* PersistenceController.swift */; };
		B036A17F2BB2873900546228 /* zRingSize.xcdatamodeld in Sources */ = {isa = PBXBuildFile; fileRef = B036A17D2BB2873900546228 /* zRingSize.xcdatamodeld */; };
		B0A1CD102BBFBBEC00C85520 /* SizeChartView.swift in Sources */ = {isa = PBXBuildFile; fileRef = B0A1CD0F2BBFBBEC00C85520 /* SizeChartView.swift */; };
		B0A28D602BBD12BE00BAA025 /* MeasurementModel.swift in Sources */ = {isa = PBXBuildFile; fileRef = B0A28D5F2BBD12BE00BAA025 /* MeasurementModel.swift */; };
		B0A28D622BBD25BC00BAA025 /* RingDisplayView.swift in Sources */ = {isa = PBXBuildFile; fileRef = B0A28D612BBD25BC00BAA025 /* RingDisplayView.swift */; };
		B0A28D662BBE269200BAA025 /* FingerDisplayView.swift in Sources */ = {isa = PBXBuildFile; fileRef = B0A28D652BBE269200BAA025 /* FingerDisplayView.swift */; };
		B0DCA15B2BBE7E3B0096E460 /* TimeFormatting.swift in Sources */ = {isa = PBXBuildFile; fileRef = B0DCA15A2BBE7E3B0096E460 /* TimeFormatting.swift */; };
		B0DD229F2BB3ADC900B66190 /* MainTabType.swift in Sources */ = {isa = PBXBuildFile; fileRef = B0DD229E2BB3ADC900B66190 /* MainTabType.swift */; };
		B0DD22A72BB3D82900B66190 /* RingViewModel.swift in Sources */ = {isa = PBXBuildFile; fileRef = B0DD22A62BB3D82900B66190 /* RingViewModel.swift */; };
		B0DD22AA2BB3E9CD00B66190 /* FingerViewModel.swift in Sources */ = {isa = PBXBuildFile; fileRef = B0DD22A92BB3E9CD00B66190 /* FingerViewModel.swift */; };
		B0E047BA2BB117B00042E91B /* zRingSizeApp.swift in Sources */ = {isa = PBXBuildFile; fileRef = B0E047B92BB117B00042E91B /* zRingSizeApp.swift */; };
		B0E047BC2BB117B00042E91B /* MainTabView.swift in Sources */ = {isa = PBXBuildFile; fileRef = B0E047BB2BB117B00042E91B /* MainTabView.swift */; };
		B0E047BE2BB117B10042E91B /* Assets.xcassets in Resources */ = {isa = PBXBuildFile; fileRef = B0E047BD2BB117B10042E91B /* Assets.xcassets */; };
		B0E047C12BB117B10042E91B /* Preview Assets.xcassets in Resources */ = {isa = PBXBuildFile; fileRef = B0E047C02BB117B10042E91B /* Preview Assets.xcassets */; };
		B0E047D02BB117B20042E91B /* zRingSizeTests.swift in Sources */ = {isa = PBXBuildFile; fileRef = B0E047CF2BB117B20042E91B /* zRingSizeTests.swift */; };
		B0E047DA2BB117B20042E91B /* zRingSizeUITests.swift in Sources */ = {isa = PBXBuildFile; fileRef = B0E047D92BB117B20042E91B /* zRingSizeUITests.swift */; };
		B0E047DC2BB117B20042E91B /* zRingSizeUITestsLaunchTests.swift in Sources */ = {isa = PBXBuildFile; fileRef = B0E047DB2BB117B20042E91B /* zRingSizeUITestsLaunchTests.swift */; };
		B0E047F02BB1459F0042E91B /* RingView.swift in Sources */ = {isa = PBXBuildFile; fileRef = B0E047EF2BB1459F0042E91B /* RingView.swift */; };
		B0E047F22BB145B10042E91B /* FingerView.swift in Sources */ = {isa = PBXBuildFile; fileRef = B0E047F12BB145B10042E91B /* FingerView.swift */; };
		B0E047F42BB145BF0042E91B /* HistoryView.swift in Sources */ = {isa = PBXBuildFile; fileRef = B0E047F32BB145BF0042E91B /* HistoryView.swift */; };
		B0E047F62BB145D00042E91B /* SettingsView.swift in Sources */ = {isa = PBXBuildFile; fileRef = B0E047F52BB145D00042E91B /* SettingsView.swift */; };
/* End PBXBuildFile section */

/* Begin PBXContainerItemProxy section */
		B0E047CC2BB117B20042E91B /* PBXContainerItemProxy */ = {
			isa = PBXContainerItemProxy;
			containerPortal = B0E047AE2BB117AF0042E91B /* Project object */;
			proxyType = 1;
			remoteGlobalIDString = B0E047B52BB117B00042E91B;
			remoteInfo = zRingSize;
		};
		B0E047D62BB117B20042E91B /* PBXContainerItemProxy */ = {
			isa = PBXContainerItemProxy;
			containerPortal = B0E047AE2BB117AF0042E91B /* Project object */;
			proxyType = 1;
			remoteGlobalIDString = B0E047B52BB117B00042E91B;
			remoteInfo = zRingSize;
		};
/* End PBXContainerItemProxy section */

/* Begin PBXFileReference section */
		B036A1652BB2806200546228 /* PersistenceController.swift */ = {isa = PBXFileReference; lastKnownFileType = sourcecode.swift; path = PersistenceController.swift; sourceTree = "<group>"; };
		B036A1752BB284B300546228 /* Info.plist */ = {isa = PBXFileReference; lastKnownFileType = text.plist.xml; path = Info.plist; sourceTree = "<group>"; };
		B036A17E2BB2873900546228 /* zRingSize.xcdatamodel */ = {isa = PBXFileReference; lastKnownFileType = wrapper.xcdatamodel; path = zRingSize.xcdatamodel; sourceTree = "<group>"; };
		B0A1CD0F2BBFBBEC00C85520 /* SizeChartView.swift */ = {isa = PBXFileReference; lastKnownFileType = sourcecode.swift; path = SizeChartView.swift; sourceTree = "<group>"; };
		B0A28D5F2BBD12BE00BAA025 /* MeasurementModel.swift */ = {isa = PBXFileReference; lastKnownFileType = sourcecode.swift; path = MeasurementModel.swift; sourceTree = "<group>"; };
		B0A28D612BBD25BC00BAA025 /* RingDisplayView.swift */ = {isa = PBXFileReference; lastKnownFileType = sourcecode.swift; path = RingDisplayView.swift; sourceTree = "<group>"; };
		B0A28D652BBE269200BAA025 /* FingerDisplayView.swift */ = {isa = PBXFileReference; lastKnownFileType = sourcecode.swift; path = FingerDisplayView.swift; sourceTree = "<group>"; };
		B0DCA15A2BBE7E3B0096E460 /* TimeFormatting.swift */ = {isa = PBXFileReference; lastKnownFileType = sourcecode.swift; path = TimeFormatting.swift; sourceTree = "<group>"; };
		B0DD229E2BB3ADC900B66190 /* MainTabType.swift */ = {isa = PBXFileReference; lastKnownFileType = sourcecode.swift; path = MainTabType.swift; sourceTree = "<group>"; };
		B0DD22A62BB3D82900B66190 /* RingViewModel.swift */ = {isa = PBXFileReference; lastKnownFileType = sourcecode.swift; path = RingViewModel.swift; sourceTree = "<group>"; };
		B0DD22A92BB3E9CD00B66190 /* FingerViewModel.swift */ = {isa = PBXFileReference; lastKnownFileType = sourcecode.swift; path = FingerViewModel.swift; sourceTree = "<group>"; };
		B0E047B62BB117B00042E91B /* zRingSize.app */ = {isa = PBXFileReference; explicitFileType = wrapper.application; includeInIndex = 0; path = zRingSize.app; sourceTree = BUILT_PRODUCTS_DIR; };
		B0E047B92BB117B00042E91B /* zRingSizeApp.swift */ = {isa = PBXFileReference; lastKnownFileType = sourcecode.swift; path = zRingSizeApp.swift; sourceTree = "<group>"; };
		B0E047BB2BB117B00042E91B /* MainTabView.swift */ = {isa = PBXFileReference; lastKnownFileType = sourcecode.swift; path = MainTabView.swift; sourceTree = "<group>"; };
		B0E047BD2BB117B10042E91B /* Assets.xcassets */ = {isa = PBXFileReference; lastKnownFileType = folder.assetcatalog; path = Assets.xcassets; sourceTree = "<group>"; };
		B0E047C02BB117B10042E91B /* Preview Assets.xcassets */ = {isa = PBXFileReference; lastKnownFileType = folder.assetcatalog; path = "Preview Assets.xcassets"; sourceTree = "<group>"; };
		B0E047CB2BB117B20042E91B /* zRingSizeTests.xctest */ = {isa = PBXFileReference; explicitFileType = wrapper.cfbundle; includeInIndex = 0; path = zRingSizeTests.xctest; sourceTree = BUILT_PRODUCTS_DIR; };
		B0E047CF2BB117B20042E91B /* zRingSizeTests.swift */ = {isa = PBXFileReference; lastKnownFileType = sourcecode.swift; path = zRingSizeTests.swift; sourceTree = "<group>"; };
		B0E047D52BB117B20042E91B /* zRingSizeUITests.xctest */ = {isa = PBXFileReference; explicitFileType = wrapper.cfbundle; includeInIndex = 0; path = zRingSizeUITests.xctest; sourceTree = BUILT_PRODUCTS_DIR; };
		B0E047D92BB117B20042E91B /* zRingSizeUITests.swift */ = {isa = PBXFileReference; lastKnownFileType = sourcecode.swift; path = zRingSizeUITests.swift; sourceTree = "<group>"; };
		B0E047DB2BB117B20042E91B /* zRingSizeUITestsLaunchTests.swift */ = {isa = PBXFileReference; lastKnownFileType = sourcecode.swift; path = zRingSizeUITestsLaunchTests.swift; sourceTree = "<group>"; };
		B0E047EF2BB1459F0042E91B /* RingView.swift */ = {isa = PBXFileReference; lastKnownFileType = sourcecode.swift; path = RingView.swift; sourceTree = "<group>"; };
		B0E047F12BB145B10042E91B /* FingerView.swift */ = {isa = PBXFileReference; lastKnownFileType = sourcecode.swift; path = FingerView.swift; sourceTree = "<group>"; };
		B0E047F32BB145BF0042E91B /* HistoryView.swift */ = {isa = PBXFileReference; lastKnownFileType = sourcecode.swift; path = HistoryView.swift; sourceTree = "<group>"; };
		B0E047F52BB145D00042E91B /* SettingsView.swift */ = {isa = PBXFileReference; lastKnownFileType = sourcecode.swift; path = SettingsView.swift; sourceTree = "<group>"; };
/* End PBXFileReference section */

/* Begin PBXFrameworksBuildPhase section */
		B0E047B32BB117B00042E91B /* Frameworks */ = {
			isa = PBXFrameworksBuildPhase;
			buildActionMask = 2147483647;
			files = (
			);
			runOnlyForDeploymentPostprocessing = 0;
		};
		B0E047C82BB117B20042E91B /* Frameworks */ = {
			isa = PBXFrameworksBuildPhase;
			buildActionMask = 2147483647;
			files = (
			);
			runOnlyForDeploymentPostprocessing = 0;
		};
		B0E047D22BB117B20042E91B /* Frameworks */ = {
			isa = PBXFrameworksBuildPhase;
			buildActionMask = 2147483647;
			files = (
			);
			runOnlyForDeploymentPostprocessing = 0;
		};
/* End PBXFrameworksBuildPhase section */

/* Begin PBXGroup section */
		B02E51582BB5533700570A10 /* Settings */ = {
			isa = PBXGroup;
			children = (
				B0E047F52BB145D00042E91B /* SettingsView.swift */,
				B0A1CD0F2BBFBBEC00C85520 /* SizeChartView.swift */,
			);
			path = Settings;
			sourceTree = "<group>";
		};
		B036A16A2BB281EA00546228 /* View */ = {
			isa = PBXGroup;
			children = (
				B0DD229D2BB3ADB800B66190 /* MainTab */,
				B0DD22A02BB3D64E00B66190 /* Ring */,
				B0DD22A82BB3E8F800B66190 /* Finger */,
				B0A1CD112BBFCCE900C85520 /* HistoryView */,
				B02E51582BB5533700570A10 /* Settings */,
			);
			path = View;
			sourceTree = "<group>";
		};
		B036A1822BB2A8B900546228 /* Utils */ = {
			isa = PBXGroup;
			children = (
				B036A1652BB2806200546228 /* PersistenceController.swift */,
			);
			path = Utils;
			sourceTree = "<group>";
		};
		B036A1842BB2A8E500546228 /* Resource */ = {
			isa = PBXGroup;
			children = (
				B0A28D5F2BBD12BE00BAA025 /* MeasurementModel.swift */,
				B036A1752BB284B300546228 /* Info.plist */,
				B0E047BD2BB117B10042E91B /* Assets.xcassets */,
				B036A17D2BB2873900546228 /* zRingSize.xcdatamodeld */,
			);
			path = Resource;
			sourceTree = "<group>";
		};
		B0A1CD112BBFCCE900C85520 /* HistoryView */ = {
			isa = PBXGroup;
			children = (
				B0E047F32BB145BF0042E91B /* HistoryView.swift */,
			);
			path = HistoryView;
			sourceTree = "<group>";
		};
		B0DCA1592BBE7E210096E460 /* Formatter */ = {
			isa = PBXGroup;
			children = (
				B0DCA15A2BBE7E3B0096E460 /* TimeFormatting.swift */,
			);
			path = Formatter;
			sourceTree = "<group>";
		};
		B0DD229D2BB3ADB800B66190 /* MainTab */ = {
			isa = PBXGroup;
			children = (
				B0E047BB2BB117B00042E91B /* MainTabView.swift */,
				B0DD229E2BB3ADC900B66190 /* MainTabType.swift */,
			);
			path = MainTab;
			sourceTree = "<group>";
		};
		B0DD22A02BB3D64E00B66190 /* Ring */ = {
			isa = PBXGroup;
			children = (
				B0E047EF2BB1459F0042E91B /* RingView.swift */,
				B0DD22A62BB3D82900B66190 /* RingViewModel.swift */,
				B0A28D612BBD25BC00BAA025 /* RingDisplayView.swift */,
			);
			path = Ring;
			sourceTree = "<group>";
		};
		B0DD22A82BB3E8F800B66190 /* Finger */ = {
			isa = PBXGroup;
			children = (
				B0E047F12BB145B10042E91B /* FingerView.swift */,
				B0DD22A92BB3E9CD00B66190 /* FingerViewModel.swift */,
				B0A28D652BBE269200BAA025 /* FingerDisplayView.swift */,
			);
			path = Finger;
			sourceTree = "<group>";
		};
		B0E047AD2BB117AF0042E91B = {
			isa = PBXGroup;
			children = (
				B0E047B82BB117B00042E91B /* zRingSize */,
				B0E047CE2BB117B20042E91B /* zRingSizeTests */,
				B0E047D82BB117B20042E91B /* zRingSizeUITests */,
				B0E047B72BB117B00042E91B /* Products */,
			);
			sourceTree = "<group>";
		};
		B0E047B72BB117B00042E91B /* Products */ = {
			isa = PBXGroup;
			children = (
				B0E047B62BB117B00042E91B /* zRingSize.app */,
				B0E047CB2BB117B20042E91B /* zRingSizeTests.xctest */,
				B0E047D52BB117B20042E91B /* zRingSizeUITests.xctest */,
			);
			name = Products;
			sourceTree = "<group>";
		};
		B0E047B82BB117B00042E91B /* zRingSize */ = {
			isa = PBXGroup;
			children = (
				B0E047B92BB117B00042E91B /* zRingSizeApp.swift */,
				B036A16A2BB281EA00546228 /* View */,
				B036A1842BB2A8E500546228 /* Resource */,
				B036A1822BB2A8B900546228 /* Utils */,
				B0DCA1592BBE7E210096E460 /* Formatter */,
				B0E047BF2BB117B10042E91B /* Preview Content */,
			);
			path = zRingSize;
			sourceTree = "<group>";
		};
		B0E047BF2BB117B10042E91B /* Preview Content */ = {
			isa = PBXGroup;
			children = (
				B0E047C02BB117B10042E91B /* Preview Assets.xcassets */,
			);
			path = "Preview Content";
			sourceTree = "<group>";
		};
		B0E047CE2BB117B20042E91B /* zRingSizeTests */ = {
			isa = PBXGroup;
			children = (
				B0E047CF2BB117B20042E91B /* zRingSizeTests.swift */,
			);
			path = zRingSizeTests;
			sourceTree = "<group>";
		};
		B0E047D82BB117B20042E91B /* zRingSizeUITests */ = {
			isa = PBXGroup;
			children = (
				B0E047D92BB117B20042E91B /* zRingSizeUITests.swift */,
				B0E047DB2BB117B20042E91B /* zRingSizeUITestsLaunchTests.swift */,
			);
			path = zRingSizeUITests;
			sourceTree = "<group>";
		};
/* End PBXGroup section */

/* Begin PBXNativeTarget section */
		B0E047B52BB117B00042E91B /* zRingSize */ = {
			isa = PBXNativeTarget;
			buildConfigurationList = B0E047DF2BB117B20042E91B /* Build configuration list for PBXNativeTarget "zRingSize" */;
			buildPhases = (
				B0E047B22BB117B00042E91B /* Sources */,
				B0E047B32BB117B00042E91B /* Frameworks */,
				B0E047B42BB117B00042E91B /* Resources */,
			);
			buildRules = (
			);
			dependencies = (
			);
			name = zRingSize;
			productName = zRingSize;
			productReference = B0E047B62BB117B00042E91B /* zRingSize.app */;
			productType = "com.apple.product-type.application";
		};
		B0E047CA2BB117B20042E91B /* zRingSizeTests */ = {
			isa = PBXNativeTarget;
			buildConfigurationList = B0E047E22BB117B20042E91B /* Build configuration list for PBXNativeTarget "zRingSizeTests" */;
			buildPhases = (
				B0E047C72BB117B20042E91B /* Sources */,
				B0E047C82BB117B20042E91B /* Frameworks */,
				B0E047C92BB117B20042E91B /* Resources */,
			);
			buildRules = (
			);
			dependencies = (
				B0E047CD2BB117B20042E91B /* PBXTargetDependency */,
			);
			name = zRingSizeTests;
			productName = zRingSizeTests;
			productReference = B0E047CB2BB117B20042E91B /* zRingSizeTests.xctest */;
			productType = "com.apple.product-type.bundle.unit-test";
		};
		B0E047D42BB117B20042E91B /* zRingSizeUITests */ = {
			isa = PBXNativeTarget;
			buildConfigurationList = B0E047E52BB117B20042E91B /* Build configuration list for PBXNativeTarget "zRingSizeUITests" */;
			buildPhases = (
				B0E047D12BB117B20042E91B /* Sources */,
				B0E047D22BB117B20042E91B /* Frameworks */,
				B0E047D32BB117B20042E91B /* Resources */,
			);
			buildRules = (
			);
			dependencies = (
				B0E047D72BB117B20042E91B /* PBXTargetDependency */,
			);
			name = zRingSizeUITests;
			productName = zRingSizeUITests;
			productReference = B0E047D52BB117B20042E91B /* zRingSizeUITests.xctest */;
			productType = "com.apple.product-type.bundle.ui-testing";
		};
/* End PBXNativeTarget section */

/* Begin PBXProject section */
		B0E047AE2BB117AF0042E91B /* Project object */ = {
			isa = PBXProject;
			attributes = {
				BuildIndependentTargetsInParallel = 1;
				LastSwiftUpdateCheck = 1420;
				LastUpgradeCheck = 1420;
				TargetAttributes = {
					B0E047B52BB117B00042E91B = {
						CreatedOnToolsVersion = 14.2;
					};
					B0E047CA2BB117B20042E91B = {
						CreatedOnToolsVersion = 14.2;
						TestTargetID = B0E047B52BB117B00042E91B;
					};
					B0E047D42BB117B20042E91B = {
						CreatedOnToolsVersion = 14.2;
						TestTargetID = B0E047B52BB117B00042E91B;
					};
				};
			};
			buildConfigurationList = B0E047B12BB117AF0042E91B /* Build configuration list for PBXProject "zRingSize" */;
			compatibilityVersion = "Xcode 14.0";
			developmentRegion = en;
			hasScannedForEncodings = 0;
			knownRegions = (
				en,
				Base,
			);
			mainGroup = B0E047AD2BB117AF0042E91B;
			productRefGroup = B0E047B72BB117B00042E91B /* Products */;
			projectDirPath = "";
			projectRoot = "";
			targets = (
				B0E047B52BB117B00042E91B /* zRingSize */,
				B0E047CA2BB117B20042E91B /* zRingSizeTests */,
				B0E047D42BB117B20042E91B /* zRingSizeUITests */,
			);
		};
/* End PBXProject section */

/* Begin PBXResourcesBuildPhase section */
		B0E047B42BB117B00042E91B /* Resources */ = {
			isa = PBXResourcesBuildPhase;
			buildActionMask = 2147483647;
			files = (
				B0E047C12BB117B10042E91B /* Preview Assets.xcassets in Resources */,
				B0E047BE2BB117B10042E91B /* Assets.xcassets in Resources */,
			);
			runOnlyForDeploymentPostprocessing = 0;
		};
		B0E047C92BB117B20042E91B /* Resources */ = {
			isa = PBXResourcesBuildPhase;
			buildActionMask = 2147483647;
			files = (
			);
			runOnlyForDeploymentPostprocessing = 0;
		};
		B0E047D32BB117B20042E91B /* Resources */ = {
			isa = PBXResourcesBuildPhase;
			buildActionMask = 2147483647;
			files = (
			);
			runOnlyForDeploymentPostprocessing = 0;
		};
/* End PBXResourcesBuildPhase section */

/* Begin PBXSourcesBuildPhase section */
		B0E047B22BB117B00042E91B /* Sources */ = {
			isa = PBXSourcesBuildPhase;
			buildActionMask = 2147483647;
			files = (
				B036A1662BB2806200546228 /* PersistenceController.swift in Sources */,
				B0E047F22BB145B10042E91B /* FingerView.swift in Sources */,
				B0A28D662BBE269200BAA025 /* FingerDisplayView.swift in Sources */,
				B0E047F02BB1459F0042E91B /* RingView.swift in Sources */,
				B0A28D622BBD25BC00BAA025 /* RingDisplayView.swift in Sources */,
				B0DCA15B2BBE7E3B0096E460 /* TimeFormatting.swift in Sources */,
				B0A1CD102BBFBBEC00C85520 /* SizeChartView.swift in Sources */,
				B0DD229F2BB3ADC900B66190 /* MainTabType.swift in Sources */,
				B036A17F2BB2873900546228 /* zRingSize.xcdatamodeld in Sources */,
				B0DD22AA2BB3E9CD00B66190 /* FingerViewModel.swift in Sources */,
				B0A28D602BBD12BE00BAA025 /* MeasurementModel.swift in Sources */,
				B0DD22A72BB3D82900B66190 /* RingViewModel.swift in Sources */,
				B0E047BC2BB117B00042E91B /* MainTabView.swift in Sources */,
				B0E047F62BB145D00042E91B /* SettingsView.swift in Sources */,
				B0E047BA2BB117B00042E91B /* zRingSizeApp.swift in Sources */,
				B0E047F42BB145BF0042E91B /* HistoryView.swift in Sources */,
			);
			runOnlyForDeploymentPostprocessing = 0;
		};
		B0E047C72BB117B20042E91B /* Sources */ = {
			isa = PBXSourcesBuildPhase;
			buildActionMask = 2147483647;
			files = (
				B0E047D02BB117B20042E91B /* zRingSizeTests.swift in Sources */,
			);
			runOnlyForDeploymentPostprocessing = 0;
		};
		B0E047D12BB117B20042E91B /* Sources */ = {
			isa = PBXSourcesBuildPhase;
			buildActionMask = 2147483647;
			files = (
				B0E047DC2BB117B20042E91B /* zRingSizeUITestsLaunchTests.swift in Sources */,
				B0E047DA2BB117B20042E91B /* zRingSizeUITests.swift in Sources */,
			);
			runOnlyForDeploymentPostprocessing = 0;
		};
/* End PBXSourcesBuildPhase section */

/* Begin PBXTargetDependency section */
		B0E047CD2BB117B20042E91B /* PBXTargetDependency */ = {
			isa = PBXTargetDependency;
			target = B0E047B52BB117B00042E91B /* zRingSize */;
			targetProxy = B0E047CC2BB117B20042E91B /* PBXContainerItemProxy */;
		};
		B0E047D72BB117B20042E91B /* PBXTargetDependency */ = {
			isa = PBXTargetDependency;
			target = B0E047B52BB117B00042E91B /* zRingSize */;
			targetProxy = B0E047D62BB117B20042E91B /* PBXContainerItemProxy */;
		};
/* End PBXTargetDependency section */

/* Begin XCBuildConfiguration section */
		B0E047DD2BB117B20042E91B /* Debug */ = {
			isa = XCBuildConfiguration;
			buildSettings = {
				ALWAYS_SEARCH_USER_PATHS = NO;
				CLANG_ANALYZER_NONNULL = YES;
				CLANG_ANALYZER_NUMBER_OBJECT_CONVERSION = YES_AGGRESSIVE;
				CLANG_CXX_LANGUAGE_STANDARD = "gnu++20";
				CLANG_ENABLE_MODULES = YES;
				CLANG_ENABLE_OBJC_ARC = YES;
				CLANG_ENABLE_OBJC_WEAK = YES;
				CLANG_WARN_BLOCK_CAPTURE_AUTORELEASING = YES;
				CLANG_WARN_BOOL_CONVERSION = YES;
				CLANG_WARN_COMMA = YES;
				CLANG_WARN_CONSTANT_CONVERSION = YES;
				CLANG_WARN_DEPRECATED_OBJC_IMPLEMENTATIONS = YES;
				CLANG_WARN_DIRECT_OBJC_ISA_USAGE = YES_ERROR;
				CLANG_WARN_DOCUMENTATION_COMMENTS = YES;
				CLANG_WARN_EMPTY_BODY = YES;
				CLANG_WARN_ENUM_CONVERSION = YES;
				CLANG_WARN_INFINITE_RECURSION = YES;
				CLANG_WARN_INT_CONVERSION = YES;
				CLANG_WARN_NON_LITERAL_NULL_CONVERSION = YES;
				CLANG_WARN_OBJC_IMPLICIT_RETAIN_SELF = YES;
				CLANG_WARN_OBJC_LITERAL_CONVERSION = YES;
				CLANG_WARN_OBJC_ROOT_CLASS = YES_ERROR;
				CLANG_WARN_QUOTED_INCLUDE_IN_FRAMEWORK_HEADER = YES;
				CLANG_WARN_RANGE_LOOP_ANALYSIS = YES;
				CLANG_WARN_STRICT_PROTOTYPES = YES;
				CLANG_WARN_SUSPICIOUS_MOVE = YES;
				CLANG_WARN_UNGUARDED_AVAILABILITY = YES_AGGRESSIVE;
				CLANG_WARN_UNREACHABLE_CODE = YES;
				CLANG_WARN__DUPLICATE_METHOD_MATCH = YES;
				COPY_PHASE_STRIP = NO;
				DEBUG_INFORMATION_FORMAT = dwarf;
				ENABLE_STRICT_OBJC_MSGSEND = YES;
				ENABLE_TESTABILITY = YES;
				GCC_C_LANGUAGE_STANDARD = gnu11;
				GCC_DYNAMIC_NO_PIC = NO;
				GCC_NO_COMMON_BLOCKS = YES;
				GCC_OPTIMIZATION_LEVEL = 0;
				GCC_PREPROCESSOR_DEFINITIONS = (
					"DEBUG=1",
					"$(inherited)",
				);
				GCC_WARN_64_TO_32_BIT_CONVERSION = YES;
				GCC_WARN_ABOUT_RETURN_TYPE = YES_ERROR;
				GCC_WARN_UNDECLARED_SELECTOR = YES;
				GCC_WARN_UNINITIALIZED_AUTOS = YES_AGGRESSIVE;
				GCC_WARN_UNUSED_FUNCTION = YES;
				GCC_WARN_UNUSED_VARIABLE = YES;
				IPHONEOS_DEPLOYMENT_TARGET = 16.0;
				MTL_ENABLE_DEBUG_INFO = INCLUDE_SOURCE;
				MTL_FAST_MATH = YES;
				ONLY_ACTIVE_ARCH = YES;
				SDKROOT = iphoneos;
				SWIFT_ACTIVE_COMPILATION_CONDITIONS = DEBUG;
				SWIFT_OPTIMIZATION_LEVEL = "-Onone";
			};
			name = Debug;
		};
		B0E047DE2BB117B20042E91B /* Release */ = {
			isa = XCBuildConfiguration;
			buildSettings = {
				ALWAYS_SEARCH_USER_PATHS = NO;
				CLANG_ANALYZER_NONNULL = YES;
				CLANG_ANALYZER_NUMBER_OBJECT_CONVERSION = YES_AGGRESSIVE;
				CLANG_CXX_LANGUAGE_STANDARD = "gnu++20";
				CLANG_ENABLE_MODULES = YES;
				CLANG_ENABLE_OBJC_ARC = YES;
				CLANG_ENABLE_OBJC_WEAK = YES;
				CLANG_WARN_BLOCK_CAPTURE_AUTORELEASING = YES;
				CLANG_WARN_BOOL_CONVERSION = YES;
				CLANG_WARN_COMMA = YES;
				CLANG_WARN_CONSTANT_CONVERSION = YES;
				CLANG_WARN_DEPRECATED_OBJC_IMPLEMENTATIONS = YES;
				CLANG_WARN_DIRECT_OBJC_ISA_USAGE = YES_ERROR;
				CLANG_WARN_DOCUMENTATION_COMMENTS = YES;
				CLANG_WARN_EMPTY_BODY = YES;
				CLANG_WARN_ENUM_CONVERSION = YES;
				CLANG_WARN_INFINITE_RECURSION = YES;
				CLANG_WARN_INT_CONVERSION = YES;
				CLANG_WARN_NON_LITERAL_NULL_CONVERSION = YES;
				CLANG_WARN_OBJC_IMPLICIT_RETAIN_SELF = YES;
				CLANG_WARN_OBJC_LITERAL_CONVERSION = YES;
				CLANG_WARN_OBJC_ROOT_CLASS = YES_ERROR;
				CLANG_WARN_QUOTED_INCLUDE_IN_FRAMEWORK_HEADER = YES;
				CLANG_WARN_RANGE_LOOP_ANALYSIS = YES;
				CLANG_WARN_STRICT_PROTOTYPES = YES;
				CLANG_WARN_SUSPICIOUS_MOVE = YES;
				CLANG_WARN_UNGUARDED_AVAILABILITY = YES_AGGRESSIVE;
				CLANG_WARN_UNREACHABLE_CODE = YES;
				CLANG_WARN__DUPLICATE_METHOD_MATCH = YES;
				COPY_PHASE_STRIP = NO;
				DEBUG_INFORMATION_FORMAT = "dwarf-with-dsym";
				ENABLE_NS_ASSERTIONS = NO;
				ENABLE_STRICT_OBJC_MSGSEND = YES;
				GCC_C_LANGUAGE_STANDARD = gnu11;
				GCC_NO_COMMON_BLOCKS = YES;
				GCC_WARN_64_TO_32_BIT_CONVERSION = YES;
				GCC_WARN_ABOUT_RETURN_TYPE = YES_ERROR;
				GCC_WARN_UNDECLARED_SELECTOR = YES;
				GCC_WARN_UNINITIALIZED_AUTOS = YES_AGGRESSIVE;
				GCC_WARN_UNUSED_FUNCTION = YES;
				GCC_WARN_UNUSED_VARIABLE = YES;
				IPHONEOS_DEPLOYMENT_TARGET = 16.0;
				MTL_ENABLE_DEBUG_INFO = NO;
				MTL_FAST_MATH = YES;
				SDKROOT = iphoneos;
				SWIFT_COMPILATION_MODE = wholemodule;
				SWIFT_OPTIMIZATION_LEVEL = "-O";
				VALIDATE_PRODUCT = YES;
			};
			name = Release;
		};
		B0E047E02BB117B20042E91B /* Debug */ = {
			isa = XCBuildConfiguration;
			buildSettings = {
				ASSETCATALOG_COMPILER_APPICON_NAME = AppIcon;
				ASSETCATALOG_COMPILER_GLOBAL_ACCENT_COLOR_NAME = AccentColor;
				CODE_SIGN_STYLE = Automatic;
				CURRENT_PROJECT_VERSION = 1;
				DEVELOPMENT_ASSET_PATHS = "\"zRingSize/Preview Content\"";
				DEVELOPMENT_TEAM = XV38VT3FG5;
				ENABLE_PREVIEWS = YES;
				GENERATE_INFOPLIST_FILE = YES;
				INFOPLIST_FILE = zRingSize/Resource/Info.plist;
				INFOPLIST_KEY_UIApplicationSupportsIndirectInputEvents = YES;
				INFOPLIST_KEY_UILaunchScreen_Generation = YES;
				INFOPLIST_KEY_UISupportedInterfaceOrientations = UIInterfaceOrientationPortrait;
				INFOPLIST_KEY_UISupportedInterfaceOrientations_iPad = "UIInterfaceOrientationLandscapeLeft UIInterfaceOrientationLandscapeRight UIInterfaceOrientationPortrait UIInterfaceOrientationPortraitUpsideDown";
				IPHONEOS_DEPLOYMENT_TARGET = 15.0;
				LD_RUNPATH_SEARCH_PATHS = (
					"$(inherited)",
					"@executable_path/Frameworks",
				);
				MARKETING_VERSION = 1.0;
				PRODUCT_BUNDLE_IDENTIFIER = zero.zRingSize;
				PRODUCT_NAME = "$(TARGET_NAME)";
				SUPPORTED_PLATFORMS = "iphoneos iphonesimulator";
				SUPPORTS_MACCATALYST = NO;
				SUPPORTS_MAC_DESIGNED_FOR_IPHONE_IPAD = NO;
				SWIFT_EMIT_LOC_STRINGS = YES;
				SWIFT_VERSION = 5.0;
				TARGETED_DEVICE_FAMILY = 1;
			};
			name = Debug;
		};
		B0E047E12BB117B20042E91B /* Release */ = {
			isa = XCBuildConfiguration;
			buildSettings = {
				ASSETCATALOG_COMPILER_APPICON_NAME = AppIcon;
				ASSETCATALOG_COMPILER_GLOBAL_ACCENT_COLOR_NAME = AccentColor;
				CODE_SIGN_STYLE = Automatic;
				CURRENT_PROJECT_VERSION = 1;
				DEVELOPMENT_ASSET_PATHS = "\"zRingSize/Preview Content\"";
				DEVELOPMENT_TEAM = XV38VT3FG5;
				ENABLE_PREVIEWS = YES;
				GENERATE_INFOPLIST_FILE = YES;
				INFOPLIST_FILE = zRingSize/Resource/Info.plist;
				INFOPLIST_KEY_UIApplicationSupportsIndirectInputEvents = YES;
				INFOPLIST_KEY_UILaunchScreen_Generation = YES;
				INFOPLIST_KEY_UISupportedInterfaceOrientations = UIInterfaceOrientationPortrait;
				INFOPLIST_KEY_UISupportedInterfaceOrientations_iPad = "UIInterfaceOrientationLandscapeLeft UIInterfaceOrientationLandscapeRight UIInterfaceOrientationPortrait UIInterfaceOrientationPortraitUpsideDown";
				IPHONEOS_DEPLOYMENT_TARGET = 15.0;
				LD_RUNPATH_SEARCH_PATHS = (
					"$(inherited)",
					"@executable_path/Frameworks",
				);
				MARKETING_VERSION = 1.0;
				PRODUCT_BUNDLE_IDENTIFIER = zero.zRingSize;
				PRODUCT_NAME = "$(TARGET_NAME)";
				SUPPORTED_PLATFORMS = "iphoneos iphonesimulator";
				SUPPORTS_MACCATALYST = NO;
				SUPPORTS_MAC_DESIGNED_FOR_IPHONE_IPAD = NO;
				SWIFT_EMIT_LOC_STRINGS = YES;
				SWIFT_VERSION = 5.0;
				TARGETED_DEVICE_FAMILY = 1;
			};
			name = Release;
		};
		B0E047E32BB117B20042E91B /* Debug */ = {
			isa = XCBuildConfiguration;
			buildSettings = {
				ALWAYS_EMBED_SWIFT_STANDARD_LIBRARIES = YES;
				BUNDLE_LOADER = "$(TEST_HOST)";
				CODE_SIGN_STYLE = Automatic;
				CURRENT_PROJECT_VERSION = 1;
				GENERATE_INFOPLIST_FILE = YES;
				IPHONEOS_DEPLOYMENT_TARGET = 15.0;
				MARKETING_VERSION = 1.0;
				PRODUCT_BUNDLE_IDENTIFIER = zero.zRingSizeTests;
				PRODUCT_NAME = "$(TARGET_NAME)";
				SUPPORTED_PLATFORMS = "iphoneos iphonesimulator";
				SUPPORTS_MACCATALYST = NO;
				SUPPORTS_MAC_DESIGNED_FOR_IPHONE_IPAD = NO;
				SWIFT_EMIT_LOC_STRINGS = NO;
				SWIFT_VERSION = 5.0;
				TARGETED_DEVICE_FAMILY = 1;
				TEST_HOST = "$(BUILT_PRODUCTS_DIR)/zRingSize.app/$(BUNDLE_EXECUTABLE_FOLDER_PATH)/zRingSize";
			};
			name = Debug;
		};
		B0E047E42BB117B20042E91B /* Release */ = {
			isa = XCBuildConfiguration;
			buildSettings = {
				ALWAYS_EMBED_SWIFT_STANDARD_LIBRARIES = YES;
				BUNDLE_LOADER = "$(TEST_HOST)";
				CODE_SIGN_STYLE = Automatic;
				CURRENT_PROJECT_VERSION = 1;
				GENERATE_INFOPLIST_FILE = YES;
				IPHONEOS_DEPLOYMENT_TARGET = 15.0;
				MARKETING_VERSION = 1.0;
				PRODUCT_BUNDLE_IDENTIFIER = zero.zRingSizeTests;
				PRODUCT_NAME = "$(TARGET_NAME)";
				SUPPORTED_PLATFORMS = "iphoneos iphonesimulator";
				SUPPORTS_MACCATALYST = NO;
				SUPPORTS_MAC_DESIGNED_FOR_IPHONE_IPAD = NO;
				SWIFT_EMIT_LOC_STRINGS = NO;
				SWIFT_VERSION = 5.0;
				TARGETED_DEVICE_FAMILY = 1;
				TEST_HOST = "$(BUILT_PRODUCTS_DIR)/zRingSize.app/$(BUNDLE_EXECUTABLE_FOLDER_PATH)/zRingSize";
			};
			name = Release;
		};
		B0E047E62BB117B20042E91B /* Debug */ = {
			isa = XCBuildConfiguration;
			buildSettings = {
				ALWAYS_EMBED_SWIFT_STANDARD_LIBRARIES = YES;
				CODE_SIGN_STYLE = Automatic;
				CURRENT_PROJECT_VERSION = 1;
				GENERATE_INFOPLIST_FILE = YES;
				IPHONEOS_DEPLOYMENT_TARGET = 15.0;
				MARKETING_VERSION = 1.0;
				PRODUCT_BUNDLE_IDENTIFIER = zero.zRingSizeUITests;
				PRODUCT_NAME = "$(TARGET_NAME)";
				SUPPORTED_PLATFORMS = "iphoneos iphonesimulator";
				SUPPORTS_MACCATALYST = NO;
				SUPPORTS_MAC_DESIGNED_FOR_IPHONE_IPAD = NO;
				SWIFT_EMIT_LOC_STRINGS = NO;
				SWIFT_VERSION = 5.0;
				TARGETED_DEVICE_FAMILY = 1;
				TEST_TARGET_NAME = zRingSize;
			};
			name = Debug;
		};
		B0E047E72BB117B20042E91B /* Release */ = {
			isa = XCBuildConfiguration;
			buildSettings = {
				ALWAYS_EMBED_SWIFT_STANDARD_LIBRARIES = YES;
				CODE_SIGN_STYLE = Automatic;
				CURRENT_PROJECT_VERSION = 1;
				GENERATE_INFOPLIST_FILE = YES;
				IPHONEOS_DEPLOYMENT_TARGET = 15.0;
				MARKETING_VERSION = 1.0;
				PRODUCT_BUNDLE_IDENTIFIER = zero.zRingSizeUITests;
				PRODUCT_NAME = "$(TARGET_NAME)";
				SUPPORTED_PLATFORMS = "iphoneos iphonesimulator";
				SUPPORTS_MACCATALYST = NO;
				SUPPORTS_MAC_DESIGNED_FOR_IPHONE_IPAD = NO;
				SWIFT_EMIT_LOC_STRINGS = NO;
				SWIFT_VERSION = 5.0;
				TARGETED_DEVICE_FAMILY = 1;
				TEST_TARGET_NAME = zRingSize;
			};
			name = Release;
		};
/* End XCBuildConfiguration section */

/* Begin XCConfigurationList section */
		B0E047B12BB117AF0042E91B /* Build configuration list for PBXProject "zRingSize" */ = {
			isa = XCConfigurationList;
			buildConfigurations = (
				B0E047DD2BB117B20042E91B /* Debug */,
				B0E047DE2BB117B20042E91B /* Release */,
			);
			defaultConfigurationIsVisible = 0;
			defaultConfigurationName = Release;
		};
		B0E047DF2BB117B20042E91B /* Build configuration list for PBXNativeTarget "zRingSize" */ = {
			isa = XCConfigurationList;
			buildConfigurations = (
				B0E047E02BB117B20042E91B /* Debug */,
				B0E047E12BB117B20042E91B /* Release */,
			);
			defaultConfigurationIsVisible = 0;
			defaultConfigurationName = Release;
		};
		B0E047E22BB117B20042E91B /* Build configuration list for PBXNativeTarget "zRingSizeTests" */ = {
			isa = XCConfigurationList;
			buildConfigurations = (
				B0E047E32BB117B20042E91B /* Debug */,
				B0E047E42BB117B20042E91B /* Release */,
			);
			defaultConfigurationIsVisible = 0;
			defaultConfigurationName = Release;
		};
		B0E047E52BB117B20042E91B /* Build configuration list for PBXNativeTarget "zRingSizeUITests" */ = {
			isa = XCConfigurationList;
			buildConfigurations = (
				B0E047E62BB117B20042E91B /* Debug */,
				B0E047E72BB117B20042E91B /* Release */,
			);
			defaultConfigurationIsVisible = 0;
			defaultConfigurationName = Release;
		};
/* End XCConfigurationList section */

/* Begin XCVersionGroup section */
		B036A17D2BB2873900546228 /* zRingSize.xcdatamodeld */ = {
			isa = XCVersionGroup;
			children = (
				B036A17E2BB2873900546228 /* zRingSize.xcdatamodel */,
			);
			currentVersion = B036A17E2BB2873900546228 /* zRingSize.xcdatamodel */;
			path = zRingSize.xcdatamodeld;
			sourceTree = "<group>";
			versionGroupType = wrapper.xcdatamodel;
		};
/* End XCVersionGroup section */
	};
	rootObject = B0E047AE2BB117AF0042E91B /* Project object */;
}
