// !$*UTF8*$!
{
	archiveVersion = 1;
	classes = {
	};
	objectVersion = 56;
	objects = {

/* Begin PBXBuildFile section */
		2291B2462BE5EE8B00920C29 /* GoogleAdView.swift in Sources */ = {isa = PBXBuildFile; fileRef = 2291B2452BE5EE8B00920C29 /* GoogleAdView.swift */; };
		B03A6F272BE36992007FCF3C /* DeviceInfo.swift in Sources */ = {isa = PBXBuildFile; fileRef = B03A6F262BE36992007FCF3C /* DeviceInfo.swift */; };
		B03E6C4A2BD8D0BA0015AA9A /* HistoryViewModel.swift in Sources */ = {isa = PBXBuildFile; fileRef = B03E6C492BD8D0BA0015AA9A /* HistoryViewModel.swift */; };
		B0A28D602BBD12BE00BAA025 /* SizeModel.swift in Sources */ = {isa = PBXBuildFile; fileRef = B0A28D5F2BBD12BE00BAA025 /* SizeModel.swift */; };
		B0CF53052BD88D1B00DA1841 /* SizeRecord.swift in Sources */ = {isa = PBXBuildFile; fileRef = B0CF53042BD88D1B00DA1841 /* SizeRecord.swift */; };
		B0DD22A72BB3D82900B66190 /* RingViewModel.swift in Sources */ = {isa = PBXBuildFile; fileRef = B0DD22A62BB3D82900B66190 /* RingViewModel.swift */; };
		B0DD22AA2BB3E9CD00B66190 /* FingerViewModel.swift in Sources */ = {isa = PBXBuildFile; fileRef = B0DD22A92BB3E9CD00B66190 /* FingerViewModel.swift */; };
		B0E047BA2BB117B00042E91B /* zRingSizeApp.swift in Sources */ = {isa = PBXBuildFile; fileRef = B0E047B92BB117B00042E91B /* zRingSizeApp.swift */; };
		B0E047BE2BB117B10042E91B /* Assets.xcassets in Resources */ = {isa = PBXBuildFile; fileRef = B0E047BD2BB117B10042E91B /* Assets.xcassets */; };
		B0E047C12BB117B10042E91B /* Preview Assets.xcassets in Resources */ = {isa = PBXBuildFile; fileRef = B0E047C02BB117B10042E91B /* Preview Assets.xcassets */; };
		B0E047D02BB117B20042E91B /* zRingSizeTests.swift in Sources */ = {isa = PBXBuildFile; fileRef = B0E047CF2BB117B20042E91B /* zRingSizeTests.swift */; };
		B0E047DA2BB117B20042E91B /* zRingSizeUITests.swift in Sources */ = {isa = PBXBuildFile; fileRef = B0E047D92BB117B20042E91B /* zRingSizeUITests.swift */; };
		B0E047DC2BB117B20042E91B /* zRingSizeUITestsLaunchTests.swift in Sources */ = {isa = PBXBuildFile; fileRef = B0E047DB2BB117B20042E91B /* zRingSizeUITestsLaunchTests.swift */; };
		B0E047F02BB1459F0042E91B /* RingView.swift in Sources */ = {isa = PBXBuildFile; fileRef = B0E047EF2BB1459F0042E91B /* RingView.swift */; };
		B0E047F22BB145B10042E91B /* FingerView.swift in Sources */ = {isa = PBXBuildFile; fileRef = B0E047F12BB145B10042E91B /* FingerView.swift */; };
		CE4451E52C80561D000298F9 /* RealmSwift in Embed Frameworks */ = {isa = PBXBuildFile; productRef = DA9840962C7EBD6C003DBBB1 /* RealmSwift */; settings = {ATTRIBUTES = (CodeSignOnCopy, ); }; };
		CE4451E82C8571F8000298F9 /* MailView.swift in Sources */ = {isa = PBXBuildFile; fileRef = CE4451E72C8571F8000298F9 /* MailView.swift */; };
		DA2077FC2BF3212C00C38A8C /* GoogleMobileAds in Frameworks */ = {isa = PBXBuildFile; productRef = DA2077FB2BF3212C00C38A8C /* GoogleMobileAds */; };
		DA2A67C52C2932D40048AED5 /* Color+Extensions.swift in Sources */ = {isa = PBXBuildFile; fileRef = DA2A67C42C2932D40048AED5 /* Color+Extensions.swift */; };
		DA2A67C72C2933120048AED5 /* Date+Extensions.swift in Sources */ = {isa = PBXBuildFile; fileRef = DA2A67C62C2933120048AED5 /* Date+Extensions.swift */; };
		DA2A67E32C2941820048AED5 /* HomeView.swift in Sources */ = {isa = PBXBuildFile; fileRef = DA2A67E22C2941820048AED5 /* HomeView.swift */; };
		DA2A67E52C2941E30048AED5 /* HomeViewModel.swift in Sources */ = {isa = PBXBuildFile; fileRef = DA2A67E42C2941E30048AED5 /* HomeViewModel.swift */; };
		DA98406B2C54E7B2003DBBB1 /* MeasurementService.swift in Sources */ = {isa = PBXBuildFile; fileRef = DA98406A2C54E7B2003DBBB1 /* MeasurementService.swift */; };
		DA98406D2C54E7BC003DBBB1 /* Constants.swift in Sources */ = {isa = PBXBuildFile; fileRef = DA98406C2C54E7BC003DBBB1 /* Constants.swift */; };
		DA98406F2C54E9A0003DBBB1 /* SettingsViewModel.swift in Sources */ = {isa = PBXBuildFile; fileRef = DA98406E2C54E9A0003DBBB1 /* SettingsViewModel.swift */; };
		DA9840772C54EA52003DBBB1 /* MeasurementGridView.swift in Sources */ = {isa = PBXBuildFile; fileRef = DA9840762C54EA52003DBBB1 /* MeasurementGridView.swift */; };
		DA9840792C54EA5E003DBBB1 /* HistoryView.swift in Sources */ = {isa = PBXBuildFile; fileRef = DA9840782C54EA5E003DBBB1 /* HistoryView.swift */; };
		DA98407B2C54EA69003DBBB1 /* MeasurementGuideView.swift in Sources */ = {isa = PBXBuildFile; fileRef = DA98407A2C54EA69003DBBB1 /* MeasurementGuideView.swift */; };
		DA98407D2C54EA85003DBBB1 /* MeasurementDetailView.swift in Sources */ = {isa = PBXBuildFile; fileRef = DA98407C2C54EA85003DBBB1 /* MeasurementDetailView.swift */; };
		DA98407F2C54EA92003DBBB1 /* SettingsView.swift in Sources */ = {isa = PBXBuildFile; fileRef = DA98407E2C54EA92003DBBB1 /* SettingsView.swift */; };
		DA9840812C54EA9C003DBBB1 /* SettingsItemView.swift in Sources */ = {isa = PBXBuildFile; fileRef = DA9840802C54EA9C003DBBB1 /* SettingsItemView.swift */; };
		DA98408C2C54F143003DBBB1 /* SizeChartView.swift in Sources */ = {isa = PBXBuildFile; fileRef = DA98408B2C54F143003DBBB1 /* SizeChartView.swift */; };
		DA98408E2C54F1E8003DBBB1 /* WebView.swift in Sources */ = {isa = PBXBuildFile; fileRef = DA98408D2C54F1E8003DBBB1 /* WebView.swift */; };
		DA9840942C71FFEE003DBBB1 /* MeasurementRowView.swift in Sources */ = {isa = PBXBuildFile; fileRef = DA9840932C71FFEE003DBBB1 /* MeasurementRowView.swift */; };
		DA9840972C7EBD6C003DBBB1 /* RealmSwift in Frameworks */ = {isa = PBXBuildFile; productRef = DA9840962C7EBD6C003DBBB1 /* RealmSwift */; };
		DAAC46512C0EE30700C2649A /* Inter-Regular.ttf in Resources */ = {isa = PBXBuildFile; fileRef = DAAC464D2C0EE30700C2649A /* Inter-Regular.ttf */; };
		DAAC46522C0EE30700C2649A /* Inter-SemiBold.ttf in Resources */ = {isa = PBXBuildFile; fileRef = DAAC464E2C0EE30700C2649A /* Inter-SemiBold.ttf */; };
		DAAC46532C0EE30700C2649A /* Poppins-Bold.ttf in Resources */ = {isa = PBXBuildFile; fileRef = DAAC464F2C0EE30700C2649A /* Poppins-Bold.ttf */; };
/* End PBXBuildFile section */

/* Begin PBXContainerItemProxy section */
		B0E047CC2BB117B20042E91B /* PBXContainerItemProxy */ = {
			isa = PBXContainerItemProxy;
			containerPortal = B0E047AE2BB117AF0042E91B /* Project object */;
			proxyType = 1;
			remoteGlobalIDString = B0E047B52BB117B00042E91B;
			remoteInfo = zRingSize;
		};
		B0E047D62BB117B20042E91B /* PBXContainerItemProxy */ = {
			isa = PBXContainerItemProxy;
			containerPortal = B0E047AE2BB117AF0042E91B /* Project object */;
			proxyType = 1;
			remoteGlobalIDString = B0E047B52BB117B00042E91B;
			remoteInfo = zRingSize;
		};
/* End PBXContainerItemProxy section */

/* Begin PBXCopyFilesBuildPhase section */
		CE4451E62C80561D000298F9 /* Embed Frameworks */ = {
			isa = PBXCopyFilesBuildPhase;
			buildActionMask = 2147483647;
			dstPath = "";
			dstSubfolderSpec = 10;
			files = (
				CE4451E52C80561D000298F9 /* RealmSwift in Embed Frameworks */,
			);
			name = "Embed Frameworks";
			runOnlyForDeploymentPostprocessing = 0;
		};
/* End PBXCopyFilesBuildPhase section */

/* Begin PBXFileReference section */
		2291B2452BE5EE8B00920C29 /* GoogleAdView.swift */ = {isa = PBXFileReference; lastKnownFileType = sourcecode.swift; path = GoogleAdView.swift; sourceTree = "<group>"; };
		B036A1752BB284B300546228 /* Info.plist */ = {isa = PBXFileReference; lastKnownFileType = text.plist.xml; name = Info.plist; path = "zRingSize/Supporting Files/Info.plist"; sourceTree = SOURCE_ROOT; };
		B03A6F262BE36992007FCF3C /* DeviceInfo.swift */ = {isa = PBXFileReference; lastKnownFileType = sourcecode.swift; path = DeviceInfo.swift; sourceTree = "<group>"; };
		B03E6C492BD8D0BA0015AA9A /* HistoryViewModel.swift */ = {isa = PBXFileReference; lastKnownFileType = sourcecode.swift; path = HistoryViewModel.swift; sourceTree = "<group>"; };
		B0A28D5F2BBD12BE00BAA025 /* SizeModel.swift */ = {isa = PBXFileReference; lastKnownFileType = sourcecode.swift; path = SizeModel.swift; sourceTree = "<group>"; };
		B0CF52FA2BD882C400DA1841 /* libsqlite3.tbd */ = {isa = PBXFileReference; lastKnownFileType = "sourcecode.text-based-dylib-definition"; name = libsqlite3.tbd; path = usr/lib/libsqlite3.tbd; sourceTree = SDKROOT; };
		B0CF53042BD88D1B00DA1841 /* SizeRecord.swift */ = {isa = PBXFileReference; lastKnownFileType = sourcecode.swift; path = SizeRecord.swift; sourceTree = "<group>"; };
		B0DD22A62BB3D82900B66190 /* RingViewModel.swift */ = {isa = PBXFileReference; lastKnownFileType = sourcecode.swift; path = RingViewModel.swift; sourceTree = "<group>"; };
		B0DD22A92BB3E9CD00B66190 /* FingerViewModel.swift */ = {isa = PBXFileReference; lastKnownFileType = sourcecode.swift; path = FingerViewModel.swift; sourceTree = "<group>"; };
		B0E047B62BB117B00042E91B /* zRingSize.app */ = {isa = PBXFileReference; explicitFileType = wrapper.application; includeInIndex = 0; path = zRingSize.app; sourceTree = BUILT_PRODUCTS_DIR; };
		B0E047B92BB117B00042E91B /* zRingSizeApp.swift */ = {isa = PBXFileReference; lastKnownFileType = sourcecode.swift; path = zRingSizeApp.swift; sourceTree = "<group>"; };
		B0E047BD2BB117B10042E91B /* Assets.xcassets */ = {isa = PBXFileReference; lastKnownFileType = folder.assetcatalog; path = Assets.xcassets; sourceTree = "<group>"; };
		B0E047C02BB117B10042E91B /* Preview Assets.xcassets */ = {isa = PBXFileReference; lastKnownFileType = folder.assetcatalog; path = "Preview Assets.xcassets"; sourceTree = "<group>"; };
		B0E047CB2BB117B20042E91B /* zRingSizeTests.xctest */ = {isa = PBXFileReference; explicitFileType = wrapper.cfbundle; includeInIndex = 0; path = zRingSizeTests.xctest; sourceTree = BUILT_PRODUCTS_DIR; };
		B0E047CF2BB117B20042E91B /* zRingSizeTests.swift */ = {isa = PBXFileReference; lastKnownFileType = sourcecode.swift; path = zRingSizeTests.swift; sourceTree = "<group>"; };
		B0E047D52BB117B20042E91B /* zRingSizeUITests.xctest */ = {isa = PBXFileReference; explicitFileType = wrapper.cfbundle; includeInIndex = 0; path = zRingSizeUITests.xctest; sourceTree = BUILT_PRODUCTS_DIR; };
		B0E047D92BB117B20042E91B /* zRingSizeUITests.swift */ = {isa = PBXFileReference; lastKnownFileType = sourcecode.swift; path = zRingSizeUITests.swift; sourceTree = "<group>"; };
		B0E047DB2BB117B20042E91B /* zRingSizeUITestsLaunchTests.swift */ = {isa = PBXFileReference; lastKnownFileType = sourcecode.swift; path = zRingSizeUITestsLaunchTests.swift; sourceTree = "<group>"; };
		B0E047EF2BB1459F0042E91B /* RingView.swift */ = {isa = PBXFileReference; lastKnownFileType = sourcecode.swift; path = RingView.swift; sourceTree = "<group>"; };
		B0E047F12BB145B10042E91B /* FingerView.swift */ = {isa = PBXFileReference; lastKnownFileType = sourcecode.swift; path = FingerView.swift; sourceTree = "<group>"; };
		CE4451E72C8571F8000298F9 /* MailView.swift */ = {isa = PBXFileReference; lastKnownFileType = sourcecode.swift; path = MailView.swift; sourceTree = "<group>"; };
		DA2077FD2BF3457B00C38A8C /* CoreTelephony.framework */ = {isa = PBXFileReference; lastKnownFileType = wrapper.framework; name = CoreTelephony.framework; path = System/Library/Frameworks/CoreTelephony.framework; sourceTree = SDKROOT; };
		DA2A67C42C2932D40048AED5 /* Color+Extensions.swift */ = {isa = PBXFileReference; lastKnownFileType = sourcecode.swift; path = "Color+Extensions.swift"; sourceTree = "<group>"; };
		DA2A67C62C2933120048AED5 /* Date+Extensions.swift */ = {isa = PBXFileReference; lastKnownFileType = sourcecode.swift; path = "Date+Extensions.swift"; sourceTree = "<group>"; };
		DA2A67E22C2941820048AED5 /* HomeView.swift */ = {isa = PBXFileReference; lastKnownFileType = sourcecode.swift; path = HomeView.swift; sourceTree = "<group>"; };
		DA2A67E42C2941E30048AED5 /* HomeViewModel.swift */ = {isa = PBXFileReference; lastKnownFileType = sourcecode.swift; path = HomeViewModel.swift; sourceTree = "<group>"; };
		DA98406A2C54E7B2003DBBB1 /* MeasurementService.swift */ = {isa = PBXFileReference; lastKnownFileType = sourcecode.swift; path = MeasurementService.swift; sourceTree = "<group>"; };
		DA98406C2C54E7BC003DBBB1 /* Constants.swift */ = {isa = PBXFileReference; lastKnownFileType = sourcecode.swift; path = Constants.swift; sourceTree = "<group>"; };
		DA98406E2C54E9A0003DBBB1 /* SettingsViewModel.swift */ = {isa = PBXFileReference; lastKnownFileType = sourcecode.swift; path = SettingsViewModel.swift; sourceTree = "<group>"; };
		DA9840762C54EA52003DBBB1 /* MeasurementGridView.swift */ = {isa = PBXFileReference; lastKnownFileType = sourcecode.swift; path = MeasurementGridView.swift; sourceTree = "<group>"; };
		DA9840782C54EA5E003DBBB1 /* HistoryView.swift */ = {isa = PBXFileReference; lastKnownFileType = sourcecode.swift; path = HistoryView.swift; sourceTree = "<group>"; };
		DA98407A2C54EA69003DBBB1 /* MeasurementGuideView.swift */ = {isa = PBXFileReference; lastKnownFileType = sourcecode.swift; path = MeasurementGuideView.swift; sourceTree = "<group>"; };
		DA98407C2C54EA85003DBBB1 /* MeasurementDetailView.swift */ = {isa = PBXFileReference; lastKnownFileType = sourcecode.swift; path = MeasurementDetailView.swift; sourceTree = "<group>"; };
		DA98407E2C54EA92003DBBB1 /* SettingsView.swift */ = {isa = PBXFileReference; lastKnownFileType = sourcecode.swift; path = SettingsView.swift; sourceTree = "<group>"; };
		DA9840802C54EA9C003DBBB1 /* SettingsItemView.swift */ = {isa = PBXFileReference; lastKnownFileType = sourcecode.swift; path = SettingsItemView.swift; sourceTree = "<group>"; };
		DA98408B2C54F143003DBBB1 /* SizeChartView.swift */ = {isa = PBXFileReference; lastKnownFileType = sourcecode.swift; path = SizeChartView.swift; sourceTree = "<group>"; };
		DA98408D2C54F1E8003DBBB1 /* WebView.swift */ = {isa = PBXFileReference; lastKnownFileType = sourcecode.swift; path = WebView.swift; sourceTree = "<group>"; };
		DA9840932C71FFEE003DBBB1 /* MeasurementRowView.swift */ = {isa = PBXFileReference; lastKnownFileType = sourcecode.swift; path = MeasurementRowView.swift; sourceTree = "<group>"; };
		DAAC464D2C0EE30700C2649A /* Inter-Regular.ttf */ = {isa = PBXFileReference; lastKnownFileType = file; path = "Inter-Regular.ttf"; sourceTree = "<group>"; };
		DAAC464E2C0EE30700C2649A /* Inter-SemiBold.ttf */ = {isa = PBXFileReference; lastKnownFileType = file; path = "Inter-SemiBold.ttf"; sourceTree = "<group>"; };
		DAAC464F2C0EE30700C2649A /* Poppins-Bold.ttf */ = {isa = PBXFileReference; lastKnownFileType = file; path = "Poppins-Bold.ttf"; sourceTree = "<group>"; };
/* End PBXFileReference section */

/* Begin PBXFrameworksBuildPhase section */
		B0E047B32BB117B00042E91B /* Frameworks */ = {
			isa = PBXFrameworksBuildPhase;
			buildActionMask = 2147483647;
			files = (
				DA9840972C7EBD6C003DBBB1 /* RealmSwift in Frameworks */,
				DA2077FC2BF3212C00C38A8C /* GoogleMobileAds in Frameworks */,
			);
			runOnlyForDeploymentPostprocessing = 0;
		};
		B0E047C82BB117B20042E91B /* Frameworks */ = {
			isa = PBXFrameworksBuildPhase;
			buildActionMask = 2147483647;
			files = (
			);
			runOnlyForDeploymentPostprocessing = 0;
		};
		B0E047D22BB117B20042E91B /* Frameworks */ = {
			isa = PBXFrameworksBuildPhase;
			buildActionMask = 2147483647;
			files = (
			);
			runOnlyForDeploymentPostprocessing = 0;
		};
/* End PBXFrameworksBuildPhase section */

/* Begin PBXGroup section */
		B036A1842BB2A8E500546228 /* Resource */ = {
			isa = PBXGroup;
			children = (
				B0E047BD2BB117B10042E91B /* Assets.xcassets */,
				DAAC46502C0EE30700C2649A /* Fonts */,
			);
			path = Resource;
			sourceTree = "<group>";
		};
		B0CF52F92BD882C300DA1841 /* Frameworks */ = {
			isa = PBXGroup;
			children = (
				DA2077FD2BF3457B00C38A8C /* CoreTelephony.framework */,
				B0CF52FA2BD882C400DA1841 /* libsqlite3.tbd */,
			);
			name = Frameworks;
			sourceTree = "<group>";
		};
		B0E047AD2BB117AF0042E91B = {
			isa = PBXGroup;
			children = (
				B0E047B82BB117B00042E91B /* zRingSize */,
				B0E047CE2BB117B20042E91B /* zRingSizeTests */,
				B0E047D82BB117B20042E91B /* zRingSizeUITests */,
				B0E047B72BB117B00042E91B /* Products */,
				B0CF52F92BD882C300DA1841 /* Frameworks */,
			);
			sourceTree = "<group>";
		};
		B0E047B72BB117B00042E91B /* Products */ = {
			isa = PBXGroup;
			children = (
				B0E047B62BB117B00042E91B /* zRingSize.app */,
				B0E047CB2BB117B20042E91B /* zRingSizeTests.xctest */,
				B0E047D52BB117B20042E91B /* zRingSizeUITests.xctest */,
			);
			name = Products;
			sourceTree = "<group>";
		};
		B0E047B82BB117B00042E91B /* zRingSize */ = {
			isa = PBXGroup;
			children = (
				DA2A67BF2C2931260048AED5 /* App */,
				DA9840622C54E637003DBBB1 /* Views */,
				DA9840632C54E648003DBBB1 /* ViewModels */,
				DA9840642C54E653003DBBB1 /* Models */,
				DA9840652C54E65D003DBBB1 /* Services */,
				DA9840662C54E692003DBBB1 /* Utilities */,
				B036A1842BB2A8E500546228 /* Resource */,
				DA9840672C54E6A7003DBBB1 /* Supporting Files */,
				DA2A67C02C2931330048AED5 /* Component */,
				B0E047BF2BB117B10042E91B /* Preview Content */,
			);
			path = zRingSize;
			sourceTree = "<group>";
		};
		B0E047BF2BB117B10042E91B /* Preview Content */ = {
			isa = PBXGroup;
			children = (
				B0E047C02BB117B10042E91B /* Preview Assets.xcassets */,
			);
			path = "Preview Content";
			sourceTree = "<group>";
		};
		B0E047CE2BB117B20042E91B /* zRingSizeTests */ = {
			isa = PBXGroup;
			children = (
				B0E047CF2BB117B20042E91B /* zRingSizeTests.swift */,
			);
			path = zRingSizeTests;
			sourceTree = "<group>";
		};
		B0E047D82BB117B20042E91B /* zRingSizeUITests */ = {
			isa = PBXGroup;
			children = (
				B0E047D92BB117B20042E91B /* zRingSizeUITests.swift */,
				B0E047DB2BB117B20042E91B /* zRingSizeUITestsLaunchTests.swift */,
			);
			path = zRingSizeUITests;
			sourceTree = "<group>";
		};
		DA2A67BF2C2931260048AED5 /* App */ = {
			isa = PBXGroup;
			children = (
				B0E047B92BB117B00042E91B /* zRingSizeApp.swift */,
			);
			path = App;
			sourceTree = "<group>";
		};
		DA2A67C02C2931330048AED5 /* Component */ = {
			isa = PBXGroup;
			children = (
				DA2A67C12C29313F0048AED5 /* AdView */,
			);
			path = Component;
			sourceTree = "<group>";
		};
		DA2A67C12C29313F0048AED5 /* AdView */ = {
			isa = PBXGroup;
			children = (
				2291B2452BE5EE8B00920C29 /* GoogleAdView.swift */,
			);
			path = AdView;
			sourceTree = "<group>";
		};
		DA9840622C54E637003DBBB1 /* Views */ = {
			isa = PBXGroup;
			children = (
				DA9840702C54E9F6003DBBB1 /* Main */,
				DA9840742C54EA10003DBBB1 /* Measurement */,
				DA9840732C54EA0A003DBBB1 /* History */,
				DA9840722C54EA04003DBBB1 /* Settings */,
				DA9840712C54E9FF003DBBB1 /* Common */,
			);
			path = Views;
			sourceTree = "<group>";
		};
		DA9840632C54E648003DBBB1 /* ViewModels */ = {
			isa = PBXGroup;
			children = (
				DA2A67E42C2941E30048AED5 /* HomeViewModel.swift */,
				B0DD22A62BB3D82900B66190 /* RingViewModel.swift */,
				B0DD22A92BB3E9CD00B66190 /* FingerViewModel.swift */,
				B03E6C492BD8D0BA0015AA9A /* HistoryViewModel.swift */,
				DA98406E2C54E9A0003DBBB1 /* SettingsViewModel.swift */,
			);
			path = ViewModels;
			sourceTree = "<group>";
		};
		DA9840642C54E653003DBBB1 /* Models */ = {
			isa = PBXGroup;
			children = (
				B0CF53042BD88D1B00DA1841 /* SizeRecord.swift */,
				B0A28D5F2BBD12BE00BAA025 /* SizeModel.swift */,
			);
			path = Models;
			sourceTree = "<group>";
		};
		DA9840652C54E65D003DBBB1 /* Services */ = {
			isa = PBXGroup;
			children = (
				DA98406A2C54E7B2003DBBB1 /* MeasurementService.swift */,
			);
			path = Services;
			sourceTree = "<group>";
		};
		DA9840662C54E692003DBBB1 /* Utilities */ = {
			isa = PBXGroup;
			children = (
				DA98406C2C54E7BC003DBBB1 /* Constants.swift */,
				B03A6F262BE36992007FCF3C /* DeviceInfo.swift */,
				DA2A67C42C2932D40048AED5 /* Color+Extensions.swift */,
				DA2A67C62C2933120048AED5 /* Date+Extensions.swift */,
			);
			path = Utilities;
			sourceTree = "<group>";
		};
		DA9840672C54E6A7003DBBB1 /* Supporting Files */ = {
			isa = PBXGroup;
			children = (
				B036A1752BB284B300546228 /* Info.plist */,
			);
			path = "Supporting Files";
			sourceTree = "<group>";
		};
		DA9840702C54E9F6003DBBB1 /* Main */ = {
			isa = PBXGroup;
			children = (
				DA2A67E22C2941820048AED5 /* HomeView.swift */,
				DA9840762C54EA52003DBBB1 /* MeasurementGridView.swift */,
			);
			path = Main;
			sourceTree = "<group>";
		};
		DA9840712C54E9FF003DBBB1 /* Common */ = {
			isa = PBXGroup;
			children = (
				DA98408D2C54F1E8003DBBB1 /* WebView.swift */,
			);
			path = Common;
			sourceTree = "<group>";
		};
		DA9840722C54EA04003DBBB1 /* Settings */ = {
			isa = PBXGroup;
			children = (
				DA98407E2C54EA92003DBBB1 /* SettingsView.swift */,
				DA9840802C54EA9C003DBBB1 /* SettingsItemView.swift */,
				DA98408B2C54F143003DBBB1 /* SizeChartView.swift */,
				CE4451E72C8571F8000298F9 /* MailView.swift */,
			);
			path = Settings;
			sourceTree = "<group>";
		};
		DA9840732C54EA0A003DBBB1 /* History */ = {
			isa = PBXGroup;
			children = (
				DA9840782C54EA5E003DBBB1 /* HistoryView.swift */,
				DA9840932C71FFEE003DBBB1 /* MeasurementRowView.swift */,
				DA98407C2C54EA85003DBBB1 /* MeasurementDetailView.swift */,
			);
			path = History;
			sourceTree = "<group>";
		};
		DA9840742C54EA10003DBBB1 /* Measurement */ = {
			isa = PBXGroup;
			children = (
				B0E047EF2BB1459F0042E91B /* RingView.swift */,
				B0E047F12BB145B10042E91B /* FingerView.swift */,
				DA98407A2C54EA69003DBBB1 /* MeasurementGuideView.swift */,
			);
			path = Measurement;
			sourceTree = "<group>";
		};
		DAAC46502C0EE30700C2649A /* Fonts */ = {
			isa = PBXGroup;
			children = (
				DAAC464D2C0EE30700C2649A /* Inter-Regular.ttf */,
				DAAC464E2C0EE30700C2649A /* Inter-SemiBold.ttf */,
				DAAC464F2C0EE30700C2649A /* Poppins-Bold.ttf */,
			);
			path = Fonts;
			sourceTree = "<group>";
		};
/* End PBXGroup section */

/* Begin PBXNativeTarget section */
		B0E047B52BB117B00042E91B /* zRingSize */ = {
			isa = PBXNativeTarget;
			buildConfigurationList = B0E047DF2BB117B20042E91B /* Build configuration list for PBXNativeTarget "zRingSize" */;
			buildPhases = (
				B0E047B22BB117B00042E91B /* Sources */,
				B0E047B32BB117B00042E91B /* Frameworks */,
				B0E047B42BB117B00042E91B /* Resources */,
				CE4451E62C80561D000298F9 /* Embed Frameworks */,
			);
			buildRules = (
			);
			dependencies = (
			);
			name = zRingSize;
			packageProductDependencies = (
				DA2077FB2BF3212C00C38A8C /* GoogleMobileAds */,
				DA9840962C7EBD6C003DBBB1 /* RealmSwift */,
			);
			productName = zRingSize;
			productReference = B0E047B62BB117B00042E91B /* zRingSize.app */;
			productType = "com.apple.product-type.application";
		};
		B0E047CA2BB117B20042E91B /* zRingSizeTests */ = {
			isa = PBXNativeTarget;
			buildConfigurationList = B0E047E22BB117B20042E91B /* Build configuration list for PBXNativeTarget "zRingSizeTests" */;
			buildPhases = (
				B0E047C72BB117B20042E91B /* Sources */,
				B0E047C82BB117B20042E91B /* Frameworks */,
				B0E047C92BB117B20042E91B /* Resources */,
			);
			buildRules = (
			);
			dependencies = (
				B0E047CD2BB117B20042E91B /* PBXTargetDependency */,
			);
			name = zRingSizeTests;
			productName = zRingSizeTests;
			productReference = B0E047CB2BB117B20042E91B /* zRingSizeTests.xctest */;
			productType = "com.apple.product-type.bundle.unit-test";
		};
		B0E047D42BB117B20042E91B /* zRingSizeUITests */ = {
			isa = PBXNativeTarget;
			buildConfigurationList = B0E047E52BB117B20042E91B /* Build configuration list for PBXNativeTarget "zRingSizeUITests" */;
			buildPhases = (
				B0E047D12BB117B20042E91B /* Sources */,
				B0E047D22BB117B20042E91B /* Frameworks */,
				B0E047D32BB117B20042E91B /* Resources */,
			);
			buildRules = (
			);
			dependencies = (
				B0E047D72BB117B20042E91B /* PBXTargetDependency */,
			);
			name = zRingSizeUITests;
			productName = zRingSizeUITests;
			productReference = B0E047D52BB117B20042E91B /* zRingSizeUITests.xctest */;
			productType = "com.apple.product-type.bundle.ui-testing";
		};
/* End PBXNativeTarget section */

/* Begin PBXProject section */
		B0E047AE2BB117AF0042E91B /* Project object */ = {
			isa = PBXProject;
			attributes = {
				BuildIndependentTargetsInParallel = 1;
				LastSwiftUpdateCheck = 1420;
				LastUpgradeCheck = 1540;
				TargetAttributes = {
					B0E047B52BB117B00042E91B = {
						CreatedOnToolsVersion = 14.2;
						LastSwiftMigration = 1420;
					};
					B0E047CA2BB117B20042E91B = {
						CreatedOnToolsVersion = 14.2;
						TestTargetID = B0E047B52BB117B00042E91B;
					};
					B0E047D42BB117B20042E91B = {
						CreatedOnToolsVersion = 14.2;
						TestTargetID = B0E047B52BB117B00042E91B;
					};
				};
			};
			buildConfigurationList = B0E047B12BB117AF0042E91B /* Build configuration list for PBXProject "zRingSize" */;
			compatibilityVersion = "Xcode 14.0";
			developmentRegion = en;
			hasScannedForEncodings = 0;
			knownRegions = (
				en,
				Base,
			);
			mainGroup = B0E047AD2BB117AF0042E91B;
			packageReferences = (
				DA2077FA2BF31E5500C38A8C /* XCRemoteSwiftPackageReference "swift-package-manager-google-mobile-ads" */,
				DA9840952C7EBD6C003DBBB1 /* XCRemoteSwiftPackageReference "realm-swift" */,
			);
			productRefGroup = B0E047B72BB117B00042E91B /* Products */;
			projectDirPath = "";
			projectRoot = "";
			targets = (
				B0E047B52BB117B00042E91B /* zRingSize */,
				B0E047CA2BB117B20042E91B /* zRingSizeTests */,
				B0E047D42BB117B20042E91B /* zRingSizeUITests */,
			);
		};
/* End PBXProject section */

/* Begin PBXResourcesBuildPhase section */
		B0E047B42BB117B00042E91B /* Resources */ = {
			isa = PBXResourcesBuildPhase;
			buildActionMask = 2147483647;
			files = (
				B0E047C12BB117B10042E91B /* Preview Assets.xcassets in Resources */,
				DAAC46532C0EE30700C2649A /* Poppins-Bold.ttf in Resources */,
				DAAC46512C0EE30700C2649A /* Inter-Regular.ttf in Resources */,
				DAAC46522C0EE30700C2649A /* Inter-SemiBold.ttf in Resources */,
				B0E047BE2BB117B10042E91B /* Assets.xcassets in Resources */,
			);
			runOnlyForDeploymentPostprocessing = 0;
		};
		B0E047C92BB117B20042E91B /* Resources */ = {
			isa = PBXResourcesBuildPhase;
			buildActionMask = 2147483647;
			files = (
			);
			runOnlyForDeploymentPostprocessing = 0;
		};
		B0E047D32BB117B20042E91B /* Resources */ = {
			isa = PBXResourcesBuildPhase;
			buildActionMask = 2147483647;
			files = (
			);
			runOnlyForDeploymentPostprocessing = 0;
		};
/* End PBXResourcesBuildPhase section */

/* Begin PBXSourcesBuildPhase section */
		B0E047B22BB117B00042E91B /* Sources */ = {
			isa = PBXSourcesBuildPhase;
			buildActionMask = 2147483647;
			files = (
				B0E047F22BB145B10042E91B /* FingerView.swift in Sources */,
				DA98408C2C54F143003DBBB1 /* SizeChartView.swift in Sources */,
				DA2A67E32C2941820048AED5 /* HomeView.swift in Sources */,
				DA9840812C54EA9C003DBBB1 /* SettingsItemView.swift in Sources */,
				DA98407D2C54EA85003DBBB1 /* MeasurementDetailView.swift in Sources */,
				DA98406B2C54E7B2003DBBB1 /* MeasurementService.swift in Sources */,
				B03E6C4A2BD8D0BA0015AA9A /* HistoryViewModel.swift in Sources */,
				B0E047F02BB1459F0042E91B /* RingView.swift in Sources */,
				B03A6F272BE36992007FCF3C /* DeviceInfo.swift in Sources */,
				DA9840942C71FFEE003DBBB1 /* MeasurementRowView.swift in Sources */,
				DA9840772C54EA52003DBBB1 /* MeasurementGridView.swift in Sources */,
				DA98406F2C54E9A0003DBBB1 /* SettingsViewModel.swift in Sources */,
				B0CF53052BD88D1B00DA1841 /* SizeRecord.swift in Sources */,
				DA98407F2C54EA92003DBBB1 /* SettingsView.swift in Sources */,
				DA98407B2C54EA69003DBBB1 /* MeasurementGuideView.swift in Sources */,
				B0DD22AA2BB3E9CD00B66190 /* FingerViewModel.swift in Sources */,
				B0A28D602BBD12BE00BAA025 /* SizeModel.swift in Sources */,
				B0DD22A72BB3D82900B66190 /* RingViewModel.swift in Sources */,
				CE4451E82C8571F8000298F9 /* MailView.swift in Sources */,
				DA2A67E52C2941E30048AED5 /* HomeViewModel.swift in Sources */,
				B0E047BA2BB117B00042E91B /* zRingSizeApp.swift in Sources */,
				DA9840792C54EA5E003DBBB1 /* HistoryView.swift in Sources */,
				DA2A67C72C2933120048AED5 /* Date+Extensions.swift in Sources */,
				2291B2462BE5EE8B00920C29 /* GoogleAdView.swift in Sources */,
				DA2A67C52C2932D40048AED5 /* Color+Extensions.swift in Sources */,
				DA98408E2C54F1E8003DBBB1 /* WebView.swift in Sources */,
				DA98406D2C54E7BC003DBBB1 /* Constants.swift in Sources */,
			);
			runOnlyForDeploymentPostprocessing = 0;
		};
		B0E047C72BB117B20042E91B /* Sources */ = {
			isa = PBXSourcesBuildPhase;
			buildActionMask = 2147483647;
			files = (
				B0E047D02BB117B20042E91B /* zRingSizeTests.swift in Sources */,
			);
			runOnlyForDeploymentPostprocessing = 0;
		};
		B0E047D12BB117B20042E91B /* Sources */ = {
			isa = PBXSourcesBuildPhase;
			buildActionMask = 2147483647;
			files = (
				B0E047DC2BB117B20042E91B /* zRingSizeUITestsLaunchTests.swift in Sources */,
				B0E047DA2BB117B20042E91B /* zRingSizeUITests.swift in Sources */,
			);
			runOnlyForDeploymentPostprocessing = 0;
		};
/* End PBXSourcesBuildPhase section */

/* Begin PBXTargetDependency section */
		B0E047CD2BB117B20042E91B /* PBXTargetDependency */ = {
			isa = PBXTargetDependency;
			target = B0E047B52BB117B00042E91B /* zRingSize */;
			targetProxy = B0E047CC2BB117B20042E91B /* PBXContainerItemProxy */;
		};
		B0E047D72BB117B20042E91B /* PBXTargetDependency */ = {
			isa = PBXTargetDependency;
			target = B0E047B52BB117B00042E91B /* zRingSize */;
			targetProxy = B0E047D62BB117B20042E91B /* PBXContainerItemProxy */;
		};
/* End PBXTargetDependency section */

/* Begin XCBuildConfiguration section */
		B0E047DD2BB117B20042E91B /* Debug */ = {
			isa = XCBuildConfiguration;
			buildSettings = {
				ALWAYS_SEARCH_USER_PATHS = NO;
				ASSETCATALOG_COMPILER_GENERATE_SWIFT_ASSET_SYMBOL_EXTENSIONS = YES;
				CLANG_ANALYZER_NONNULL = YES;
				CLANG_ANALYZER_NUMBER_OBJECT_CONVERSION = YES_AGGRESSIVE;
				CLANG_CXX_LANGUAGE_STANDARD = "gnu++20";
				CLANG_ENABLE_MODULES = YES;
				CLANG_ENABLE_OBJC_ARC = YES;
				CLANG_ENABLE_OBJC_WEAK = YES;
				CLANG_WARN_BLOCK_CAPTURE_AUTORELEASING = YES;
				CLANG_WARN_BOOL_CONVERSION = YES;
				CLANG_WARN_COMMA = YES;
				CLANG_WARN_CONSTANT_CONVERSION = YES;
				CLANG_WARN_DEPRECATED_OBJC_IMPLEMENTATIONS = YES;
				CLANG_WARN_DIRECT_OBJC_ISA_USAGE = YES_ERROR;
				CLANG_WARN_DOCUMENTATION_COMMENTS = YES;
				CLANG_WARN_EMPTY_BODY = YES;
				CLANG_WARN_ENUM_CONVERSION = YES;
				CLANG_WARN_INFINITE_RECURSION = YES;
				CLANG_WARN_INT_CONVERSION = YES;
				CLANG_WARN_NON_LITERAL_NULL_CONVERSION = YES;
				CLANG_WARN_OBJC_IMPLICIT_RETAIN_SELF = YES;
				CLANG_WARN_OBJC_LITERAL_CONVERSION = YES;
				CLANG_WARN_OBJC_ROOT_CLASS = YES_ERROR;
				CLANG_WARN_QUOTED_INCLUDE_IN_FRAMEWORK_HEADER = YES;
				CLANG_WARN_RANGE_LOOP_ANALYSIS = YES;
				CLANG_WARN_STRICT_PROTOTYPES = YES;
				CLANG_WARN_SUSPICIOUS_MOVE = YES;
				CLANG_WARN_UNGUARDED_AVAILABILITY = YES_AGGRESSIVE;
				CLANG_WARN_UNREACHABLE_CODE = YES;
				CLANG_WARN__DUPLICATE_METHOD_MATCH = YES;
				COPY_PHASE_STRIP = NO;
				DEBUG_INFORMATION_FORMAT = dwarf;
				ENABLE_STRICT_OBJC_MSGSEND = YES;
				ENABLE_TESTABILITY = YES;
				ENABLE_USER_SCRIPT_SANDBOXING = YES;
				GCC_C_LANGUAGE_STANDARD = gnu11;
				GCC_DYNAMIC_NO_PIC = NO;
				GCC_NO_COMMON_BLOCKS = YES;
				GCC_OPTIMIZATION_LEVEL = 0;
				GCC_PREPROCESSOR_DEFINITIONS = (
					"DEBUG=1",
					"$(inherited)",
				);
				GCC_WARN_64_TO_32_BIT_CONVERSION = YES;
				GCC_WARN_ABOUT_RETURN_TYPE = YES_ERROR;
				GCC_WARN_UNDECLARED_SELECTOR = YES;
				GCC_WARN_UNINITIALIZED_AUTOS = YES_AGGRESSIVE;
				GCC_WARN_UNUSED_FUNCTION = YES;
				GCC_WARN_UNUSED_VARIABLE = YES;
				IPHONEOS_DEPLOYMENT_TARGET = 15.0;
				MTL_ENABLE_DEBUG_INFO = INCLUDE_SOURCE;
				MTL_FAST_MATH = YES;
				ONLY_ACTIVE_ARCH = YES;
				SDKROOT = iphoneos;
				SWIFT_ACTIVE_COMPILATION_CONDITIONS = DEBUG;
				SWIFT_OPTIMIZATION_LEVEL = "-Onone";
			};
			name = Debug;
		};
		B0E047DE2BB117B20042E91B /* Release */ = {
			isa = XCBuildConfiguration;
			buildSettings = {
				ALWAYS_SEARCH_USER_PATHS = NO;
				ASSETCATALOG_COMPILER_GENERATE_SWIFT_ASSET_SYMBOL_EXTENSIONS = YES;
				CLANG_ANALYZER_NONNULL = YES;
				CLANG_ANALYZER_NUMBER_OBJECT_CONVERSION = YES_AGGRESSIVE;
				CLANG_CXX_LANGUAGE_STANDARD = "gnu++20";
				CLANG_ENABLE_MODULES = YES;
				CLANG_ENABLE_OBJC_ARC = YES;
				CLANG_ENABLE_OBJC_WEAK = YES;
				CLANG_WARN_BLOCK_CAPTURE_AUTORELEASING = YES;
				CLANG_WARN_BOOL_CONVERSION = YES;
				CLANG_WARN_COMMA = YES;
				CLANG_WARN_CONSTANT_CONVERSION = YES;
				CLANG_WARN_DEPRECATED_OBJC_IMPLEMENTATIONS = YES;
				CLANG_WARN_DIRECT_OBJC_ISA_USAGE = YES_ERROR;
				CLANG_WARN_DOCUMENTATION_COMMENTS = YES;
				CLANG_WARN_EMPTY_BODY = YES;
				CLANG_WARN_ENUM_CONVERSION = YES;
				CLANG_WARN_INFINITE_RECURSION = YES;
				CLANG_WARN_INT_CONVERSION = YES;
				CLANG_WARN_NON_LITERAL_NULL_CONVERSION = YES;
				CLANG_WARN_OBJC_IMPLICIT_RETAIN_SELF = YES;
				CLANG_WARN_OBJC_LITERAL_CONVERSION = YES;
				CLANG_WARN_OBJC_ROOT_CLASS = YES_ERROR;
				CLANG_WARN_QUOTED_INCLUDE_IN_FRAMEWORK_HEADER = YES;
				CLANG_WARN_RANGE_LOOP_ANALYSIS = YES;
				CLANG_WARN_STRICT_PROTOTYPES = YES;
				CLANG_WARN_SUSPICIOUS_MOVE = YES;
				CLANG_WARN_UNGUARDED_AVAILABILITY = YES_AGGRESSIVE;
				CLANG_WARN_UNREACHABLE_CODE = YES;
				CLANG_WARN__DUPLICATE_METHOD_MATCH = YES;
				COPY_PHASE_STRIP = NO;
				DEBUG_INFORMATION_FORMAT = "dwarf-with-dsym";
				ENABLE_NS_ASSERTIONS = NO;
				ENABLE_STRICT_OBJC_MSGSEND = YES;
				ENABLE_USER_SCRIPT_SANDBOXING = YES;
				GCC_C_LANGUAGE_STANDARD = gnu11;
				GCC_NO_COMMON_BLOCKS = YES;
				GCC_WARN_64_TO_32_BIT_CONVERSION = YES;
				GCC_WARN_ABOUT_RETURN_TYPE = YES_ERROR;
				GCC_WARN_UNDECLARED_SELECTOR = YES;
				GCC_WARN_UNINITIALIZED_AUTOS = YES_AGGRESSIVE;
				GCC_WARN_UNUSED_FUNCTION = YES;
				GCC_WARN_UNUSED_VARIABLE = YES;
				IPHONEOS_DEPLOYMENT_TARGET = 15.0;
				MTL_ENABLE_DEBUG_INFO = NO;
				MTL_FAST_MATH = YES;
				SDKROOT = iphoneos;
				SWIFT_COMPILATION_MODE = wholemodule;
				SWIFT_OPTIMIZATION_LEVEL = "-O";
				VALIDATE_PRODUCT = YES;
			};
			name = Release;
		};
		B0E047E02BB117B20042E91B /* Debug */ = {
			isa = XCBuildConfiguration;
			buildSettings = {
				ASSETCATALOG_COMPILER_APPICON_NAME = AppIcon;
				ASSETCATALOG_COMPILER_GLOBAL_ACCENT_COLOR_NAME = AccentColor;
				ASSETCATALOG_COMPILER_INCLUDE_ALL_APPICON_ASSETS = YES;
				CLANG_ENABLE_MODULES = YES;
				CODE_SIGN_STYLE = Automatic;
				CURRENT_PROJECT_VERSION = 1;
				DEVELOPMENT_ASSET_PATHS = "\"zRingSize/Preview Content\"";
				DEVELOPMENT_TEAM = XV38VT3FG5;
				ENABLE_PREVIEWS = YES;
				GENERATE_INFOPLIST_FILE = YES;
				INFOPLIST_FILE = "zRingSize/Supporting Files/Info.plist";
				INFOPLIST_KEY_CFBundleDisplayName = "반지측정하기";
				INFOPLIST_KEY_LSApplicationCategoryType = "public.app-category.lifestyle";
				INFOPLIST_KEY_NSUserTrackingUsageDescription = "맞춤형 광고 제공 허용";
				INFOPLIST_KEY_UIApplicationSupportsIndirectInputEvents = YES;
				INFOPLIST_KEY_UILaunchScreen_Generation = YES;
				INFOPLIST_KEY_UISupportedInterfaceOrientations = UIInterfaceOrientationPortrait;
				INFOPLIST_KEY_UISupportedInterfaceOrientations_iPad = "UIInterfaceOrientationLandscapeLeft UIInterfaceOrientationLandscapeRight UIInterfaceOrientationPortrait UIInterfaceOrientationPortraitUpsideDown";
				IPHONEOS_DEPLOYMENT_TARGET = 15.0;
				LD_RUNPATH_SEARCH_PATHS = (
					"$(inherited)",
					"@executable_path/Frameworks",
				);
				MARKETING_VERSION = 2.0.7;
				PRODUCT_BUNDLE_IDENTIFIER = com.zero.zRingSize;
				PRODUCT_NAME = "$(TARGET_NAME)";
				SUPPORTED_PLATFORMS = "iphoneos iphonesimulator";
				SUPPORTS_MACCATALYST = NO;
				SUPPORTS_MAC_DESIGNED_FOR_IPHONE_IPAD = NO;
				SUPPORTS_XR_DESIGNED_FOR_IPHONE_IPAD = NO;
				SWIFT_EMIT_LOC_STRINGS = YES;
				SWIFT_OBJC_BRIDGING_HEADER = "";
				SWIFT_OPTIMIZATION_LEVEL = "-Onone";
				SWIFT_VERSION = 5.0;
				TARGETED_DEVICE_FAMILY = 1;
			};
			name = Debug;
		};
		B0E047E12BB117B20042E91B /* Release */ = {
			isa = XCBuildConfiguration;
			buildSettings = {
				ASSETCATALOG_COMPILER_APPICON_NAME = AppIcon;
				ASSETCATALOG_COMPILER_GLOBAL_ACCENT_COLOR_NAME = AccentColor;
				ASSETCATALOG_COMPILER_INCLUDE_ALL_APPICON_ASSETS = YES;
				CLANG_ENABLE_MODULES = YES;
				CODE_SIGN_STYLE = Automatic;
				CURRENT_PROJECT_VERSION = 1;
				DEVELOPMENT_ASSET_PATHS = "\"zRingSize/Preview Content\"";
				DEVELOPMENT_TEAM = XV38VT3FG5;
				ENABLE_PREVIEWS = YES;
				GENERATE_INFOPLIST_FILE = YES;
				INFOPLIST_FILE = "zRingSize/Supporting Files/Info.plist";
				INFOPLIST_KEY_CFBundleDisplayName = "반지측정하기";
				INFOPLIST_KEY_LSApplicationCategoryType = "public.app-category.lifestyle";
				INFOPLIST_KEY_NSUserTrackingUsageDescription = "맞춤형 광고 제공 허용";
				INFOPLIST_KEY_UIApplicationSupportsIndirectInputEvents = YES;
				INFOPLIST_KEY_UILaunchScreen_Generation = YES;
				INFOPLIST_KEY_UISupportedInterfaceOrientations = UIInterfaceOrientationPortrait;
				INFOPLIST_KEY_UISupportedInterfaceOrientations_iPad = "UIInterfaceOrientationLandscapeLeft UIInterfaceOrientationLandscapeRight UIInterfaceOrientationPortrait UIInterfaceOrientationPortraitUpsideDown";
				IPHONEOS_DEPLOYMENT_TARGET = 15.0;
				LD_RUNPATH_SEARCH_PATHS = (
					"$(inherited)",
					"@executable_path/Frameworks",
				);
				MARKETING_VERSION = 2.0.7;
				PRODUCT_BUNDLE_IDENTIFIER = com.zero.zRingSize;
				PRODUCT_NAME = "$(TARGET_NAME)";
				SUPPORTED_PLATFORMS = "iphoneos iphonesimulator";
				SUPPORTS_MACCATALYST = NO;
				SUPPORTS_MAC_DESIGNED_FOR_IPHONE_IPAD = NO;
				SUPPORTS_XR_DESIGNED_FOR_IPHONE_IPAD = NO;
				SWIFT_EMIT_LOC_STRINGS = YES;
				SWIFT_OBJC_BRIDGING_HEADER = "";
				SWIFT_VERSION = 5.0;
				TARGETED_DEVICE_FAMILY = 1;
			};
			name = Release;
		};
		B0E047E32BB117B20042E91B /* Debug */ = {
			isa = XCBuildConfiguration;
			buildSettings = {
				ALWAYS_EMBED_SWIFT_STANDARD_LIBRARIES = YES;
				BUNDLE_LOADER = "$(TEST_HOST)";
				CODE_SIGN_STYLE = Automatic;
				CURRENT_PROJECT_VERSION = 1;
				GENERATE_INFOPLIST_FILE = YES;
				IPHONEOS_DEPLOYMENT_TARGET = 15.0;
				MARKETING_VERSION = 1.0;
				PRODUCT_BUNDLE_IDENTIFIER = zero.zRingSizeTests;
				PRODUCT_NAME = "$(TARGET_NAME)";
				SUPPORTED_PLATFORMS = "iphoneos iphonesimulator";
				SUPPORTS_MACCATALYST = NO;
				SUPPORTS_MAC_DESIGNED_FOR_IPHONE_IPAD = NO;
				SWIFT_EMIT_LOC_STRINGS = NO;
				SWIFT_VERSION = 5.0;
				TARGETED_DEVICE_FAMILY = 1;
				TEST_HOST = "$(BUILT_PRODUCTS_DIR)/zRingSize.app/$(BUNDLE_EXECUTABLE_FOLDER_PATH)/zRingSize";
			};
			name = Debug;
		};
		B0E047E42BB117B20042E91B /* Release */ = {
			isa = XCBuildConfiguration;
			buildSettings = {
				ALWAYS_EMBED_SWIFT_STANDARD_LIBRARIES = YES;
				BUNDLE_LOADER = "$(TEST_HOST)";
				CODE_SIGN_STYLE = Automatic;
				CURRENT_PROJECT_VERSION = 1;
				GENERATE_INFOPLIST_FILE = YES;
				IPHONEOS_DEPLOYMENT_TARGET = 15.0;
				MARKETING_VERSION = 1.0;
				PRODUCT_BUNDLE_IDENTIFIER = zero.zRingSizeTests;
				PRODUCT_NAME = "$(TARGET_NAME)";
				SUPPORTED_PLATFORMS = "iphoneos iphonesimulator";
				SUPPORTS_MACCATALYST = NO;
				SUPPORTS_MAC_DESIGNED_FOR_IPHONE_IPAD = NO;
				SWIFT_EMIT_LOC_STRINGS = NO;
				SWIFT_VERSION = 5.0;
				TARGETED_DEVICE_FAMILY = 1;
				TEST_HOST = "$(BUILT_PRODUCTS_DIR)/zRingSize.app/$(BUNDLE_EXECUTABLE_FOLDER_PATH)/zRingSize";
			};
			name = Release;
		};
		B0E047E62BB117B20042E91B /* Debug */ = {
			isa = XCBuildConfiguration;
			buildSettings = {
				ALWAYS_EMBED_SWIFT_STANDARD_LIBRARIES = YES;
				CODE_SIGN_STYLE = Automatic;
				CURRENT_PROJECT_VERSION = 1;
				GENERATE_INFOPLIST_FILE = YES;
				IPHONEOS_DEPLOYMENT_TARGET = 15.0;
				MARKETING_VERSION = 1.0;
				PRODUCT_BUNDLE_IDENTIFIER = zero.zRingSizeUITests;
				PRODUCT_NAME = "$(TARGET_NAME)";
				SUPPORTED_PLATFORMS = "iphoneos iphonesimulator";
				SUPPORTS_MACCATALYST = NO;
				SUPPORTS_MAC_DESIGNED_FOR_IPHONE_IPAD = NO;
				SWIFT_EMIT_LOC_STRINGS = NO;
				SWIFT_VERSION = 5.0;
				TARGETED_DEVICE_FAMILY = 1;
				TEST_TARGET_NAME = zRingSize;
			};
			name = Debug;
		};
		B0E047E72BB117B20042E91B /* Release */ = {
			isa = XCBuildConfiguration;
			buildSettings = {
				ALWAYS_EMBED_SWIFT_STANDARD_LIBRARIES = YES;
				CODE_SIGN_STYLE = Automatic;
				CURRENT_PROJECT_VERSION = 1;
				GENERATE_INFOPLIST_FILE = YES;
				IPHONEOS_DEPLOYMENT_TARGET = 15.0;
				MARKETING_VERSION = 1.0;
				PRODUCT_BUNDLE_IDENTIFIER = zero.zRingSizeUITests;
				PRODUCT_NAME = "$(TARGET_NAME)";
				SUPPORTED_PLATFORMS = "iphoneos iphonesimulator";
				SUPPORTS_MACCATALYST = NO;
				SUPPORTS_MAC_DESIGNED_FOR_IPHONE_IPAD = NO;
				SWIFT_EMIT_LOC_STRINGS = NO;
				SWIFT_VERSION = 5.0;
				TARGETED_DEVICE_FAMILY = 1;
				TEST_TARGET_NAME = zRingSize;
			};
			name = Release;
		};
/* End XCBuildConfiguration section */

/* Begin XCConfigurationList section */
		B0E047B12BB117AF0042E91B /* Build configuration list for PBXProject "zRingSize" */ = {
			isa = XCConfigurationList;
			buildConfigurations = (
				B0E047DD2BB117B20042E91B /* Debug */,
				B0E047DE2BB117B20042E91B /* Release */,
			);
			defaultConfigurationIsVisible = 0;
			defaultConfigurationName = Release;
		};
		B0E047DF2BB117B20042E91B /* Build configuration list for PBXNativeTarget "zRingSize" */ = {
			isa = XCConfigurationList;
			buildConfigurations = (
				B0E047E02BB117B20042E91B /* Debug */,
				B0E047E12BB117B20042E91B /* Release */,
			);
			defaultConfigurationIsVisible = 0;
			defaultConfigurationName = Release;
		};
		B0E047E22BB117B20042E91B /* Build configuration list for PBXNativeTarget "zRingSizeTests" */ = {
			isa = XCConfigurationList;
			buildConfigurations = (
				B0E047E32BB117B20042E91B /* Debug */,
				B0E047E42BB117B20042E91B /* Release */,
			);
			defaultConfigurationIsVisible = 0;
			defaultConfigurationName = Release;
		};
		B0E047E52BB117B20042E91B /* Build configuration list for PBXNativeTarget "zRingSizeUITests" */ = {
			isa = XCConfigurationList;
			buildConfigurations = (
				B0E047E62BB117B20042E91B /* Debug */,
				B0E047E72BB117B20042E91B /* Release */,
			);
			defaultConfigurationIsVisible = 0;
			defaultConfigurationName = Release;
		};
/* End XCConfigurationList section */

/* Begin XCRemoteSwiftPackageReference section */
		DA2077FA2BF31E5500C38A8C /* XCRemoteSwiftPackageReference "swift-package-manager-google-mobile-ads" */ = {
			isa = XCRemoteSwiftPackageReference;
			repositoryURL = "https://github.com/googleads/swift-package-manager-google-mobile-ads.git";
			requirement = {
				kind = upToNextMajorVersion;
				minimumVersion = 11.4.0;
			};
		};
		DA9840952C7EBD6C003DBBB1 /* XCRemoteSwiftPackageReference "realm-swift" */ = {
			isa = XCRemoteSwiftPackageReference;
			repositoryURL = "https://github.com/realm/realm-swift.git";
			requirement = {
				branch = master;
				kind = branch;
			};
		};
/* End XCRemoteSwiftPackageReference section */

/* Begin XCSwiftPackageProductDependency section */
		DA2077FB2BF3212C00C38A8C /* GoogleMobileAds */ = {
			isa = XCSwiftPackageProductDependency;
			package = DA2077FA2BF31E5500C38A8C /* XCRemoteSwiftPackageReference "swift-package-manager-google-mobile-ads" */;
			productName = GoogleMobileAds;
		};
		DA9840962C7EBD6C003DBBB1 /* RealmSwift */ = {
			isa = XCSwiftPackageProductDependency;
			package = DA9840952C7EBD6C003DBBB1 /* XCRemoteSwiftPackageReference "realm-swift" */;
			productName = RealmSwift;
		};
/* End XCSwiftPackageProductDependency section */
	};
	rootObject = B0E047AE2BB117AF0042E91B /* Project object */;
}
